// !$*UTF8*$!
{
	archiveVersion = 1;
	classes = {
	};
	objectVersion = 46;
	objects = {

/* Begin PBXBuildFile section */
		D901607B187AB8190003985D /* Main.storyboard in Resources */ = {isa = PBXBuildFile; fileRef = D901607A187AB8190003985D /* Main.storyboard */; };
		D91081211896A83100E46B51 /* QuizViewController.m in Sources */ = {isa = PBXBuildFile; fileRef = D91081201896A83100E46B51 /* QuizViewController.m */; };
		D916C2EE18B89AEB00486DFD /* AnnouncementCell.m in Sources */ = {isa = PBXBuildFile; fileRef = D916C2ED18B89AEB00486DFD /* AnnouncementCell.m */; };
		D916C2F118B8DD6500486DFD /* BuzzViewController.m in Sources */ = {isa = PBXBuildFile; fileRef = D916C2F018B8DD6500486DFD /* BuzzViewController.m */; };
		D916C2F418B8E53E00486DFD /* BuzzCell.m in Sources */ = {isa = PBXBuildFile; fileRef = D916C2F318B8E53E00486DFD /* BuzzCell.m */; };
		D91770EE188CC9DE00FF3B93 /* ProductsCollectionViewController.m in Sources */ = {isa = PBXBuildFile; fileRef = D91770ED188CC9DE00FF3B93 /* ProductsCollectionViewController.m */; };
		D91770F1188CE6AF00FF3B93 /* productCollectionCell.m in Sources */ = {isa = PBXBuildFile; fileRef = D91770F0188CE6AF00FF3B93 /* productCollectionCell.m */; };
		D91C890718B935CE008E7536 /* Filter.m in Sources */ = {isa = PBXBuildFile; fileRef = D91C890618B935CE008E7536 /* Filter.m */; };
		D91CBB0A1896839B00372F9A /* CustomizeCell.m in Sources */ = {isa = PBXBuildFile; fileRef = D91CBB091896839B00372F9A /* CustomizeCell.m */; };
		D9259BCC18C52474006A254A /* SubCategoryViewController.m in Sources */ = {isa = PBXBuildFile; fileRef = D9259BCB18C52474006A254A /* SubCategoryViewController.m */; };
		D9259BCF18C527C6006A254A /* ProductsViewController.m in Sources */ = {isa = PBXBuildFile; fileRef = D9259BCE18C527C6006A254A /* ProductsViewController.m */; };
		D92F9DA7188C0019004F2231 /* CategoryTableViewController.m in Sources */ = {isa = PBXBuildFile; fileRef = D92F9DA6188C0019004F2231 /* CategoryTableViewController.m */; };
		D92F9DAA188C0804004F2231 /* CategoryTableViewCell.m in Sources */ = {isa = PBXBuildFile; fileRef = D92F9DA9188C0804004F2231 /* CategoryTableViewCell.m */; };
		D93FB68118C436A70080E3E6 /* MYSMUConstants.m in Sources */ = {isa = PBXBuildFile; fileRef = D93FB68018C436A70080E3E6 /* MYSMUConstants.m */; };
		D94F5C751890D5AE007B6116 /* SubCategoryTableViewController.m in Sources */ = {isa = PBXBuildFile; fileRef = D94F5C741890D5AE007B6116 /* SubCategoryTableViewController.m */; };
		D94F5C781890E3D9007B6116 /* ProductDetailViewController.m in Sources */ = {isa = PBXBuildFile; fileRef = D94F5C771890E3D8007B6116 /* ProductDetailViewController.m */; };
		D952DADC18B5E5250032D40F /* Images.xcassets in Resources */ = {isa = PBXBuildFile; fileRef = D952DADB18B5E5250032D40F /* Images.xcassets */; };
		D952DADD18B5E5250032D40F /* Images.xcassets in Resources */ = {isa = PBXBuildFile; fileRef = D952DADB18B5E5250032D40F /* Images.xcassets */; };
		D952DAE518B6484B0032D40F /* BazaarViewController.m in Sources */ = {isa = PBXBuildFile; fileRef = D952DAE418B6484B0032D40F /* BazaarViewController.m */; };
		D952DAE618B6484B0032D40F /* BazaarViewController.m in Sources */ = {isa = PBXBuildFile; fileRef = D952DAE418B6484B0032D40F /* BazaarViewController.m */; };
		D952DAE918B65AB00032D40F /* PromotionViewController.m in Sources */ = {isa = PBXBuildFile; fileRef = D952DAE818B65AB00032D40F /* PromotionViewController.m */; };
		D952DAEA18B65AB00032D40F /* PromotionViewController.m in Sources */ = {isa = PBXBuildFile; fileRef = D952DAE818B65AB00032D40F /* PromotionViewController.m */; };
		D952DAEE18B65CF90032D40F /* PromotionPFTableViewCell.m in Sources */ = {isa = PBXBuildFile; fileRef = D952DAED18B65CF90032D40F /* PromotionPFTableViewCell.m */; };
		D952DAEF18B65CF90032D40F /* PromotionPFTableViewCell.m in Sources */ = {isa = PBXBuildFile; fileRef = D952DAED18B65CF90032D40F /* PromotionPFTableViewCell.m */; };
		D954DFCF1888229600CCA262 /* shopNavigationController.m in Sources */ = {isa = PBXBuildFile; fileRef = D954DFCE1888229600CCA262 /* shopNavigationController.m */; };
		D96006B01884852400BB1C9E /* ProfileViewController.m in Sources */ = {isa = PBXBuildFile; fileRef = D96006AF1884852400BB1C9E /* ProfileViewController.m */; };
		D9647D52187A821C00B26CE8 /* SnapTimelineViewController.m in Sources */ = {isa = PBXBuildFile; fileRef = D9647D51187A821C00B26CE8 /* SnapTimelineViewController.m */; };
		D9647D58187A823F00B26CE8 /* SnapTakePhotoViewController.m in Sources */ = {isa = PBXBuildFile; fileRef = D9647D57187A823F00B26CE8 /* SnapTakePhotoViewController.m */; };
		D97A35DC187E80B50006A90F /* TSSUtility.m in Sources */ = {isa = PBXBuildFile; fileRef = D97A35DB187E80B50006A90F /* TSSUtility.m */; };
		D97BA73F18C38275004CC262 /* SDWebImage.framework in Frameworks */ = {isa = PBXBuildFile; fileRef = D97BA73E18C38274004CC262 /* SDWebImage.framework */; };
		D97BA74118C3829E004CC262 /* ImageIO.framework in Frameworks */ = {isa = PBXBuildFile; fileRef = D97BA74018C3829E004CC262 /* ImageIO.framework */; };
		D9824FF318B95F110086D1BE /* webPaymentViewController.m in Sources */ = {isa = PBXBuildFile; fileRef = D9824FF218B95F110086D1BE /* webPaymentViewController.m */; };
		D98438441884D1CC008BDCA8 /* StlyingViewController.m in Sources */ = {isa = PBXBuildFile; fileRef = D98438431884D1CC008BDCA8 /* StlyingViewController.m */; };
		D98989AB18C2080F000092F0 /* MainShopViewController.m in Sources */ = {isa = PBXBuildFile; fileRef = D98989AA18C2080F000092F0 /* MainShopViewController.m */; };
		D98989AE18C20B21000092F0 /* ShopSliderViewController.m in Sources */ = {isa = PBXBuildFile; fileRef = D98989AD18C20B21000092F0 /* ShopSliderViewController.m */; };
		D98BF159182550EC00DEE19B /* Foundation.framework in Frameworks */ = {isa = PBXBuildFile; fileRef = D98BF158182550EC00DEE19B /* Foundation.framework */; };
		D98BF15B182550EC00DEE19B /* CoreGraphics.framework in Frameworks */ = {isa = PBXBuildFile; fileRef = D98BF15A182550EC00DEE19B /* CoreGraphics.framework */; };
		D98BF15D182550EC00DEE19B /* UIKit.framework in Frameworks */ = {isa = PBXBuildFile; fileRef = D98BF15C182550EC00DEE19B /* UIKit.framework */; };
		D98BF163182550EC00DEE19B /* InfoPlist.strings in Resources */ = {isa = PBXBuildFile; fileRef = D98BF161182550EC00DEE19B /* InfoPlist.strings */; };
		D98BF165182550EC00DEE19B /* main.m in Sources */ = {isa = PBXBuildFile; fileRef = D98BF164182550EC00DEE19B /* main.m */; };
		D98BF169182550EC00DEE19B /* AppDelegate.m in Sources */ = {isa = PBXBuildFile; fileRef = D98BF168182550EC00DEE19B /* AppDelegate.m */; };
		D98BF17B182550EC00DEE19B /* XCTest.framework in Frameworks */ = {isa = PBXBuildFile; fileRef = D98BF17A182550EC00DEE19B /* XCTest.framework */; };
		D98BF17C182550EC00DEE19B /* Foundation.framework in Frameworks */ = {isa = PBXBuildFile; fileRef = D98BF158182550EC00DEE19B /* Foundation.framework */; };
		D98BF17D182550EC00DEE19B /* UIKit.framework in Frameworks */ = {isa = PBXBuildFile; fileRef = D98BF15C182550EC00DEE19B /* UIKit.framework */; };
		D98BF185182550EC00DEE19B /* InfoPlist.strings in Resources */ = {isa = PBXBuildFile; fileRef = D98BF183182550EC00DEE19B /* InfoPlist.strings */; };
		D98BF187182550EC00DEE19B /* tssmineTests.m in Sources */ = {isa = PBXBuildFile; fileRef = D98BF186182550EC00DEE19B /* tssmineTests.m */; };
		D98BF1951825523900DEE19B /* ShowViewController.m in Sources */ = {isa = PBXBuildFile; fileRef = D98BF1941825523900DEE19B /* ShowViewController.m */; };
		D98F12F7188A9B7000BA7335 /* SliderContentViewController.m in Sources */ = {isa = PBXBuildFile; fileRef = D98F12F6188A9B7000BA7335 /* SliderContentViewController.m */; };
		D98F12FA188AA14500BA7335 /* SliderControllerViewController.m in Sources */ = {isa = PBXBuildFile; fileRef = D98F12F9188AA14500BA7335 /* SliderControllerViewController.m */; };
		D9A08574189714B600B000B9 /* ChoseUpperViewController.m in Sources */ = {isa = PBXBuildFile; fileRef = D9A08573189714B600B000B9 /* ChoseUpperViewController.m */; };
		D9A085771897187100B000B9 /* CustomizeUICollectionViewCell.m in Sources */ = {isa = PBXBuildFile; fileRef = D9A085761897187100B000B9 /* CustomizeUICollectionViewCell.m */; };
		D9A0857A18971AB000B000B9 /* ChoseUnderViewController.m in Sources */ = {isa = PBXBuildFile; fileRef = D9A0857918971AB000B000B9 /* ChoseUnderViewController.m */; };
		D9A2DCD41897265E0069B5E0 /* ChoseBottomViewController.m in Sources */ = {isa = PBXBuildFile; fileRef = D9A2DCD31897265E0069B5E0 /* ChoseBottomViewController.m */; };
		D9A2DCD7189728B10069B5E0 /* StyleCenter.m in Sources */ = {isa = PBXBuildFile; fileRef = D9A2DCD6189728B10069B5E0 /* StyleCenter.m */; };
		D9A2DCDA18972A930069B5E0 /* CustomizeResultViewController.m in Sources */ = {isa = PBXBuildFile; fileRef = D9A2DCD918972A920069B5E0 /* CustomizeResultViewController.m */; };
		D9A71FEA18B675BD00B15375 /* BazaarPFTableViewCell.m in Sources */ = {isa = PBXBuildFile; fileRef = D9A71FE918B675BD00B15375 /* BazaarPFTableViewCell.m */; };
		D9A71FED18B67EB100B15375 /* AnnouncementViewController.m in Sources */ = {isa = PBXBuildFile; fileRef = D9A71FEC18B67EB100B15375 /* AnnouncementViewController.m */; };
		D9A71FF418B68C8300B15375 /* AddNewSHItemViewController.m in Sources */ = {isa = PBXBuildFile; fileRef = D9A71FF318B68C8300B15375 /* AddNewSHItemViewController.m */; };
		D9ACAF3218BBCD0900AD7A57 /* MySMUViewController.m in Sources */ = {isa = PBXBuildFile; fileRef = D9ACAF3118BBCD0900AD7A57 /* MySMUViewController.m */; };
		D9ACAF3718BBDF2500AD7A57 /* ProfileCell.m in Sources */ = {isa = PBXBuildFile; fileRef = D9ACAF3618BBDF2500AD7A57 /* ProfileCell.m */; };
		D9ACAF3A18BBEB5500AD7A57 /* ProfileEditViewController.m in Sources */ = {isa = PBXBuildFile; fileRef = D9ACAF3918BBEB5500AD7A57 /* ProfileEditViewController.m */; };
		D9B6F02D187C32990069E088 /* snapFeedTableViewCell.m in Sources */ = {isa = PBXBuildFile; fileRef = D9B6F02C187C32990069E088 /* snapFeedTableViewCell.m */; };
		D9CF91951887A0B70070B10B /* RootTabBarViewController.m in Sources */ = {isa = PBXBuildFile; fileRef = D9CF91941887A0B70070B10B /* RootTabBarViewController.m */; };
		D9CF91981887A9140070B10B /* TssLoginViewController.m in Sources */ = {isa = PBXBuildFile; fileRef = D9CF91971887A9140070B10B /* TssLoginViewController.m */; };
		D9DAEC9B1882EBEA0072CBAA /* AudioToolbox.framework in Frameworks */ = {isa = PBXBuildFile; fileRef = D9EE9A531882EB1100AA30EF /* AudioToolbox.framework */; };
		D9DAEC9D1882EC9D0072CBAA /* CoreLocation.framework in Frameworks */ = {isa = PBXBuildFile; fileRef = D9DAEC9C1882EC9D0072CBAA /* CoreLocation.framework */; };
		D9E0026C189618CB0053FB0C /* BoyColorViewController.m in Sources */ = {isa = PBXBuildFile; fileRef = D9E0026B189618CB0053FB0C /* BoyColorViewController.m */; };
		D9E0026F189631440053FB0C /* BoySMUViewController.m in Sources */ = {isa = PBXBuildFile; fileRef = D9E0026E189631440053FB0C /* BoySMUViewController.m */; };
		D9E002721896324D0053FB0C /* GirlColorViewController.m in Sources */ = {isa = PBXBuildFile; fileRef = D9E002711896324D0053FB0C /* GirlColorViewController.m */; };
		D9E00278189632680053FB0C /* GirlSMUViewController.m in Sources */ = {isa = PBXBuildFile; fileRef = D9E00277189632680053FB0C /* GirlSMUViewController.m */; };
		D9E0027B189637FE0053FB0C /* GirlStudyViewController.m in Sources */ = {isa = PBXBuildFile; fileRef = D9E0027A189637FE0053FB0C /* GirlStudyViewController.m */; };
		D9E0027E1896428A0053FB0C /* QuizCenter.m in Sources */ = {isa = PBXBuildFile; fileRef = D9E0027D1896428A0053FB0C /* QuizCenter.m */; };
		D9E38B3E1886F5F000FC9B6B /* BorGViewController.m in Sources */ = {isa = PBXBuildFile; fileRef = D9E38B3D1886F5F000FC9B6B /* BorGViewController.m */; };
		D9E38B501886F7FF00FC9B6B /* BoyStudyViewController.m in Sources */ = {isa = PBXBuildFile; fileRef = D9E38B4F1886F7FF00FC9B6B /* BoyStudyViewController.m */; };
		D9E637201847693800E0F703 /* Accounts.framework in Frameworks */ = {isa = PBXBuildFile; fileRef = D9E6371F1847693800E0F703 /* Accounts.framework */; };
		D9E637221847694500E0F703 /* AdSupport.framework in Frameworks */ = {isa = PBXBuildFile; fileRef = D9E637211847694500E0F703 /* AdSupport.framework */; };
		D9E637241847694F00E0F703 /* Social.framework in Frameworks */ = {isa = PBXBuildFile; fileRef = D9E637231847694F00E0F703 /* Social.framework */; };
		D9E637261847695A00E0F703 /* libsqlite3.dylib in Frameworks */ = {isa = PBXBuildFile; fileRef = D9E637251847695A00E0F703 /* libsqlite3.dylib */; };
		D9E63728184769CB00E0F703 /* StoreKit.framework in Frameworks */ = {isa = PBXBuildFile; fileRef = D9E63727184769CB00E0F703 /* StoreKit.framework */; };
		D9F1C4EC1843767800CC0679 /* Parse.framework in Frameworks */ = {isa = PBXBuildFile; fileRef = D9F1C4EB1843767800CC0679 /* Parse.framework */; };
		D9F1C4F4184376E500CC0679 /* libz.1.1.3.dylib in Frameworks */ = {isa = PBXBuildFile; fileRef = D9F1C4F3184376E500CC0679 /* libz.1.1.3.dylib */; };
		D9F1C4F6184376EC00CC0679 /* MobileCoreServices.framework in Frameworks */ = {isa = PBXBuildFile; fileRef = D9F1C4F5184376EC00CC0679 /* MobileCoreServices.framework */; };
		D9F1C4F8184376F600CC0679 /* QuartzCore.framework in Frameworks */ = {isa = PBXBuildFile; fileRef = D9F1C4F7184376F600CC0679 /* QuartzCore.framework */; };
		D9F1C4FA184376FE00CC0679 /* Security.framework in Frameworks */ = {isa = PBXBuildFile; fileRef = D9F1C4F9184376FE00CC0679 /* Security.framework */; };
		D9F1C4FE1843770D00CC0679 /* SystemConfiguration.framework in Frameworks */ = {isa = PBXBuildFile; fileRef = D9F1C4FD1843770D00CC0679 /* SystemConfiguration.framework */; };
		D9F1C50018437D9700CC0679 /* FacebookSDK.framework in Frameworks */ = {isa = PBXBuildFile; fileRef = D9F1C4FF18437D9700CC0679 /* FacebookSDK.framework */; };
		D9F8910F18C46BDB003793BA /* TSSCategories.m in Sources */ = {isa = PBXBuildFile; fileRef = D9F8910E18C46BDB003793BA /* TSSCategories.m */; };
/* End PBXBuildFile section */

/* Begin PBXContainerItemProxy section */
		D98BF17E182550EC00DEE19B /* PBXContainerItemProxy */ = {
			isa = PBXContainerItemProxy;
			containerPortal = D98BF14D182550EC00DEE19B /* Project object */;
			proxyType = 1;
			remoteGlobalIDString = D98BF154182550EC00DEE19B;
			remoteInfo = tssmine;
		};
/* End PBXContainerItemProxy section */

/* Begin PBXFileReference section */
		D901607A187AB8190003985D /* Main.storyboard */ = {isa = PBXFileReference; fileEncoding = 4; lastKnownFileType = file.storyboard; path = Main.storyboard; sourceTree = "<group>"; };
		D910811F1896A83100E46B51 /* QuizViewController.h */ = {isa = PBXFileReference; fileEncoding = 4; lastKnownFileType = sourcecode.c.h; path = QuizViewController.h; sourceTree = "<group>"; };
		D91081201896A83100E46B51 /* QuizViewController.m */ = {isa = PBXFileReference; fileEncoding = 4; lastKnownFileType = sourcecode.c.objc; path = QuizViewController.m; sourceTree = "<group>"; };
		D916C2EC18B89AEB00486DFD /* AnnouncementCell.h */ = {isa = PBXFileReference; fileEncoding = 4; lastKnownFileType = sourcecode.c.h; path = AnnouncementCell.h; sourceTree = "<group>"; };
		D916C2ED18B89AEB00486DFD /* AnnouncementCell.m */ = {isa = PBXFileReference; fileEncoding = 4; lastKnownFileType = sourcecode.c.objc; path = AnnouncementCell.m; sourceTree = "<group>"; };
		D916C2EF18B8DD6500486DFD /* BuzzViewController.h */ = {isa = PBXFileReference; fileEncoding = 4; lastKnownFileType = sourcecode.c.h; path = BuzzViewController.h; sourceTree = "<group>"; };
		D916C2F018B8DD6500486DFD /* BuzzViewController.m */ = {isa = PBXFileReference; fileEncoding = 4; lastKnownFileType = sourcecode.c.objc; path = BuzzViewController.m; sourceTree = "<group>"; };
		D916C2F218B8E53E00486DFD /* BuzzCell.h */ = {isa = PBXFileReference; fileEncoding = 4; lastKnownFileType = sourcecode.c.h; path = BuzzCell.h; sourceTree = "<group>"; };
		D916C2F318B8E53E00486DFD /* BuzzCell.m */ = {isa = PBXFileReference; fileEncoding = 4; lastKnownFileType = sourcecode.c.objc; path = BuzzCell.m; sourceTree = "<group>"; };
		D91770EC188CC9DE00FF3B93 /* ProductsCollectionViewController.h */ = {isa = PBXFileReference; fileEncoding = 4; lastKnownFileType = sourcecode.c.h; path = ProductsCollectionViewController.h; sourceTree = "<group>"; };
		D91770ED188CC9DE00FF3B93 /* ProductsCollectionViewController.m */ = {isa = PBXFileReference; fileEncoding = 4; lastKnownFileType = sourcecode.c.objc; path = ProductsCollectionViewController.m; sourceTree = "<group>"; };
		D91770EF188CE6AF00FF3B93 /* productCollectionCell.h */ = {isa = PBXFileReference; fileEncoding = 4; lastKnownFileType = sourcecode.c.h; path = productCollectionCell.h; sourceTree = "<group>"; };
		D91770F0188CE6AF00FF3B93 /* productCollectionCell.m */ = {isa = PBXFileReference; fileEncoding = 4; lastKnownFileType = sourcecode.c.objc; path = productCollectionCell.m; sourceTree = "<group>"; };
		D91C890518B935CE008E7536 /* Filter.h */ = {isa = PBXFileReference; fileEncoding = 4; lastKnownFileType = sourcecode.c.h; path = Filter.h; sourceTree = "<group>"; };
		D91C890618B935CE008E7536 /* Filter.m */ = {isa = PBXFileReference; fileEncoding = 4; lastKnownFileType = sourcecode.c.objc; path = Filter.m; sourceTree = "<group>"; };
		D91CBB081896839B00372F9A /* CustomizeCell.h */ = {isa = PBXFileReference; fileEncoding = 4; lastKnownFileType = sourcecode.c.h; path = CustomizeCell.h; sourceTree = "<group>"; };
		D91CBB091896839B00372F9A /* CustomizeCell.m */ = {isa = PBXFileReference; fileEncoding = 4; lastKnownFileType = sourcecode.c.objc; path = CustomizeCell.m; sourceTree = "<group>"; };
		D9259BCA18C52474006A254A /* SubCategoryViewController.h */ = {isa = PBXFileReference; fileEncoding = 4; lastKnownFileType = sourcecode.c.h; path = SubCategoryViewController.h; sourceTree = "<group>"; };
		D9259BCB18C52474006A254A /* SubCategoryViewController.m */ = {isa = PBXFileReference; fileEncoding = 4; lastKnownFileType = sourcecode.c.objc; path = SubCategoryViewController.m; sourceTree = "<group>"; };
		D9259BCD18C527C6006A254A /* ProductsViewController.h */ = {isa = PBXFileReference; fileEncoding = 4; lastKnownFileType = sourcecode.c.h; path = ProductsViewController.h; sourceTree = "<group>"; };
		D9259BCE18C527C6006A254A /* ProductsViewController.m */ = {isa = PBXFileReference; fileEncoding = 4; lastKnownFileType = sourcecode.c.objc; path = ProductsViewController.m; sourceTree = "<group>"; };
		D92F9DA5188C0019004F2231 /* CategoryTableViewController.h */ = {isa = PBXFileReference; fileEncoding = 4; lastKnownFileType = sourcecode.c.h; path = CategoryTableViewController.h; sourceTree = "<group>"; };
		D92F9DA6188C0019004F2231 /* CategoryTableViewController.m */ = {isa = PBXFileReference; fileEncoding = 4; lastKnownFileType = sourcecode.c.objc; path = CategoryTableViewController.m; sourceTree = "<group>"; };
		D92F9DA8188C0804004F2231 /* CategoryTableViewCell.h */ = {isa = PBXFileReference; fileEncoding = 4; lastKnownFileType = sourcecode.c.h; path = CategoryTableViewCell.h; sourceTree = "<group>"; };
		D92F9DA9188C0804004F2231 /* CategoryTableViewCell.m */ = {isa = PBXFileReference; fileEncoding = 4; lastKnownFileType = sourcecode.c.objc; path = CategoryTableViewCell.m; sourceTree = "<group>"; };
		D93FB67F18C436450080E3E6 /* MYSMUConstants.h */ = {isa = PBXFileReference; lastKnownFileType = sourcecode.c.h; path = MYSMUConstants.h; sourceTree = "<group>"; };
		D93FB68018C436A70080E3E6 /* MYSMUConstants.m */ = {isa = PBXFileReference; fileEncoding = 4; lastKnownFileType = sourcecode.c.objc; path = MYSMUConstants.m; sourceTree = "<group>"; };
		D94F5C731890D5AE007B6116 /* SubCategoryTableViewController.h */ = {isa = PBXFileReference; fileEncoding = 4; lastKnownFileType = sourcecode.c.h; path = SubCategoryTableViewController.h; sourceTree = "<group>"; };
		D94F5C741890D5AE007B6116 /* SubCategoryTableViewController.m */ = {isa = PBXFileReference; fileEncoding = 4; lastKnownFileType = sourcecode.c.objc; path = SubCategoryTableViewController.m; sourceTree = "<group>"; };
		D94F5C761890E3D8007B6116 /* ProductDetailViewController.h */ = {isa = PBXFileReference; fileEncoding = 4; lastKnownFileType = sourcecode.c.h; path = ProductDetailViewController.h; sourceTree = "<group>"; };
		D94F5C771890E3D8007B6116 /* ProductDetailViewController.m */ = {isa = PBXFileReference; fileEncoding = 4; lastKnownFileType = sourcecode.c.objc; path = ProductDetailViewController.m; sourceTree = "<group>"; };
		D952DADB18B5E5250032D40F /* Images.xcassets */ = {isa = PBXFileReference; lastKnownFileType = folder.assetcatalog; path = Images.xcassets; sourceTree = "<group>"; };
		D952DAE318B6484B0032D40F /* BazaarViewController.h */ = {isa = PBXFileReference; fileEncoding = 4; lastKnownFileType = sourcecode.c.h; path = BazaarViewController.h; sourceTree = "<group>"; };
		D952DAE418B6484B0032D40F /* BazaarViewController.m */ = {isa = PBXFileReference; fileEncoding = 4; lastKnownFileType = sourcecode.c.objc; path = BazaarViewController.m; sourceTree = "<group>"; };
		D952DAE718B65AB00032D40F /* PromotionViewController.h */ = {isa = PBXFileReference; fileEncoding = 4; lastKnownFileType = sourcecode.c.h; path = PromotionViewController.h; sourceTree = "<group>"; };
		D952DAE818B65AB00032D40F /* PromotionViewController.m */ = {isa = PBXFileReference; fileEncoding = 4; lastKnownFileType = sourcecode.c.objc; path = PromotionViewController.m; sourceTree = "<group>"; };
		D952DAEC18B65CF90032D40F /* PromotionPFTableViewCell.h */ = {isa = PBXFileReference; fileEncoding = 4; lastKnownFileType = sourcecode.c.h; path = PromotionPFTableViewCell.h; sourceTree = "<group>"; };
		D952DAED18B65CF90032D40F /* PromotionPFTableViewCell.m */ = {isa = PBXFileReference; fileEncoding = 4; lastKnownFileType = sourcecode.c.objc; path = PromotionPFTableViewCell.m; sourceTree = "<group>"; };
		D954DFCD1888229600CCA262 /* shopNavigationController.h */ = {isa = PBXFileReference; fileEncoding = 4; lastKnownFileType = sourcecode.c.h; path = shopNavigationController.h; sourceTree = "<group>"; };
		D954DFCE1888229600CCA262 /* shopNavigationController.m */ = {isa = PBXFileReference; fileEncoding = 4; lastKnownFileType = sourcecode.c.objc; path = shopNavigationController.m; sourceTree = "<group>"; };
		D96006AE1884852400BB1C9E /* ProfileViewController.h */ = {isa = PBXFileReference; fileEncoding = 4; lastKnownFileType = sourcecode.c.h; path = ProfileViewController.h; sourceTree = "<group>"; };
		D96006AF1884852400BB1C9E /* ProfileViewController.m */ = {isa = PBXFileReference; fileEncoding = 4; lastKnownFileType = sourcecode.c.objc; path = ProfileViewController.m; sourceTree = "<group>"; };
		D9647D50187A821C00B26CE8 /* SnapTimelineViewController.h */ = {isa = PBXFileReference; fileEncoding = 4; lastKnownFileType = sourcecode.c.h; path = SnapTimelineViewController.h; sourceTree = "<group>"; };
		D9647D51187A821C00B26CE8 /* SnapTimelineViewController.m */ = {isa = PBXFileReference; fileEncoding = 4; lastKnownFileType = sourcecode.c.objc; path = SnapTimelineViewController.m; sourceTree = "<group>"; };
		D9647D56187A823F00B26CE8 /* SnapTakePhotoViewController.h */ = {isa = PBXFileReference; fileEncoding = 4; lastKnownFileType = sourcecode.c.h; path = SnapTakePhotoViewController.h; sourceTree = "<group>"; };
		D9647D57187A823F00B26CE8 /* SnapTakePhotoViewController.m */ = {isa = PBXFileReference; fileEncoding = 4; lastKnownFileType = sourcecode.c.objc; path = SnapTakePhotoViewController.m; sourceTree = "<group>"; };
		D97A35DA187E80B50006A90F /* TSSUtility.h */ = {isa = PBXFileReference; fileEncoding = 4; lastKnownFileType = sourcecode.c.h; path = TSSUtility.h; sourceTree = "<group>"; };
		D97A35DB187E80B50006A90F /* TSSUtility.m */ = {isa = PBXFileReference; fileEncoding = 4; lastKnownFileType = sourcecode.c.objc; path = TSSUtility.m; sourceTree = "<group>"; };
		D97BA73E18C38274004CC262 /* SDWebImage.framework */ = {isa = PBXFileReference; lastKnownFileType = wrapper.framework; path = SDWebImage.framework; sourceTree = "<group>"; };
		D97BA74018C3829E004CC262 /* ImageIO.framework */ = {isa = PBXFileReference; lastKnownFileType = wrapper.framework; name = ImageIO.framework; path = System/Library/Frameworks/ImageIO.framework; sourceTree = SDKROOT; };
		D9824FF118B95F110086D1BE /* webPaymentViewController.h */ = {isa = PBXFileReference; fileEncoding = 4; lastKnownFileType = sourcecode.c.h; path = webPaymentViewController.h; sourceTree = "<group>"; };
		D9824FF218B95F110086D1BE /* webPaymentViewController.m */ = {isa = PBXFileReference; fileEncoding = 4; lastKnownFileType = sourcecode.c.objc; path = webPaymentViewController.m; sourceTree = "<group>"; };
		D98438421884D1CC008BDCA8 /* StlyingViewController.h */ = {isa = PBXFileReference; fileEncoding = 4; lastKnownFileType = sourcecode.c.h; path = StlyingViewController.h; sourceTree = "<group>"; };
		D98438431884D1CC008BDCA8 /* StlyingViewController.m */ = {isa = PBXFileReference; fileEncoding = 4; lastKnownFileType = sourcecode.c.objc; path = StlyingViewController.m; sourceTree = "<group>"; };
		D98989A918C2080F000092F0 /* MainShopViewController.h */ = {isa = PBXFileReference; fileEncoding = 4; lastKnownFileType = sourcecode.c.h; path = MainShopViewController.h; sourceTree = "<group>"; };
		D98989AA18C2080F000092F0 /* MainShopViewController.m */ = {isa = PBXFileReference; fileEncoding = 4; lastKnownFileType = sourcecode.c.objc; path = MainShopViewController.m; sourceTree = "<group>"; };
		D98989AC18C20B21000092F0 /* ShopSliderViewController.h */ = {isa = PBXFileReference; fileEncoding = 4; lastKnownFileType = sourcecode.c.h; path = ShopSliderViewController.h; sourceTree = "<group>"; };
		D98989AD18C20B21000092F0 /* ShopSliderViewController.m */ = {isa = PBXFileReference; fileEncoding = 4; lastKnownFileType = sourcecode.c.objc; path = ShopSliderViewController.m; sourceTree = "<group>"; };
		D98BF155182550EC00DEE19B /* mySMU.app */ = {isa = PBXFileReference; explicitFileType = wrapper.application; includeInIndex = 0; path = mySMU.app; sourceTree = BUILT_PRODUCTS_DIR; };
		D98BF158182550EC00DEE19B /* Foundation.framework */ = {isa = PBXFileReference; lastKnownFileType = wrapper.framework; name = Foundation.framework; path = System/Library/Frameworks/Foundation.framework; sourceTree = SDKROOT; };
		D98BF15A182550EC00DEE19B /* CoreGraphics.framework */ = {isa = PBXFileReference; lastKnownFileType = wrapper.framework; name = CoreGraphics.framework; path = System/Library/Frameworks/CoreGraphics.framework; sourceTree = SDKROOT; };
		D98BF15C182550EC00DEE19B /* UIKit.framework */ = {isa = PBXFileReference; lastKnownFileType = wrapper.framework; name = UIKit.framework; path = System/Library/Frameworks/UIKit.framework; sourceTree = SDKROOT; };
		D98BF160182550EC00DEE19B /* mySMU-Info.plist */ = {isa = PBXFileReference; lastKnownFileType = text.plist.xml; path = "mySMU-Info.plist"; sourceTree = "<group>"; };
		D98BF162182550EC00DEE19B /* en */ = {isa = PBXFileReference; lastKnownFileType = text.plist.strings; name = en; path = en.lproj/InfoPlist.strings; sourceTree = "<group>"; };
		D98BF164182550EC00DEE19B /* main.m */ = {isa = PBXFileReference; lastKnownFileType = sourcecode.c.objc; path = main.m; sourceTree = "<group>"; };
		D98BF166182550EC00DEE19B /* mySMU-Prefix.pch */ = {isa = PBXFileReference; lastKnownFileType = sourcecode.c.h; path = "mySMU-Prefix.pch"; sourceTree = "<group>"; };
		D98BF167182550EC00DEE19B /* AppDelegate.h */ = {isa = PBXFileReference; lastKnownFileType = sourcecode.c.h; path = AppDelegate.h; sourceTree = "<group>"; };
		D98BF168182550EC00DEE19B /* AppDelegate.m */ = {isa = PBXFileReference; lastKnownFileType = sourcecode.c.objc; path = AppDelegate.m; sourceTree = "<group>"; };
		D98BF179182550EC00DEE19B /* mySMUTests.xctest */ = {isa = PBXFileReference; explicitFileType = wrapper.cfbundle; includeInIndex = 0; path = mySMUTests.xctest; sourceTree = BUILT_PRODUCTS_DIR; };
		D98BF17A182550EC00DEE19B /* XCTest.framework */ = {isa = PBXFileReference; lastKnownFileType = wrapper.framework; name = XCTest.framework; path = Library/Frameworks/XCTest.framework; sourceTree = DEVELOPER_DIR; };
		D98BF182182550EC00DEE19B /* mySMUTests-Info.plist */ = {isa = PBXFileReference; lastKnownFileType = text.plist.xml; path = "mySMUTests-Info.plist"; sourceTree = "<group>"; };
		D98BF184182550EC00DEE19B /* en */ = {isa = PBXFileReference; lastKnownFileType = text.plist.strings; name = en; path = en.lproj/InfoPlist.strings; sourceTree = "<group>"; };
		D98BF186182550EC00DEE19B /* tssmineTests.m */ = {isa = PBXFileReference; lastKnownFileType = sourcecode.c.objc; path = tssmineTests.m; sourceTree = "<group>"; };
		D98BF1931825523900DEE19B /* ShowViewController.h */ = {isa = PBXFileReference; fileEncoding = 4; lastKnownFileType = sourcecode.c.h; path = ShowViewController.h; sourceTree = "<group>"; };
		D98BF1941825523900DEE19B /* ShowViewController.m */ = {isa = PBXFileReference; fileEncoding = 4; lastKnownFileType = sourcecode.c.objc; path = ShowViewController.m; sourceTree = "<group>"; };
		D98F12F5188A9B7000BA7335 /* SliderContentViewController.h */ = {isa = PBXFileReference; fileEncoding = 4; lastKnownFileType = sourcecode.c.h; path = SliderContentViewController.h; sourceTree = "<group>"; };
		D98F12F6188A9B7000BA7335 /* SliderContentViewController.m */ = {isa = PBXFileReference; fileEncoding = 4; lastKnownFileType = sourcecode.c.objc; path = SliderContentViewController.m; sourceTree = "<group>"; };
		D98F12F8188AA14500BA7335 /* SliderControllerViewController.h */ = {isa = PBXFileReference; fileEncoding = 4; lastKnownFileType = sourcecode.c.h; path = SliderControllerViewController.h; sourceTree = "<group>"; };
		D98F12F9188AA14500BA7335 /* SliderControllerViewController.m */ = {isa = PBXFileReference; fileEncoding = 4; lastKnownFileType = sourcecode.c.objc; path = SliderControllerViewController.m; sourceTree = "<group>"; };
		D9A08572189714B600B000B9 /* ChoseUpperViewController.h */ = {isa = PBXFileReference; fileEncoding = 4; lastKnownFileType = sourcecode.c.h; path = ChoseUpperViewController.h; sourceTree = "<group>"; };
		D9A08573189714B600B000B9 /* ChoseUpperViewController.m */ = {isa = PBXFileReference; fileEncoding = 4; lastKnownFileType = sourcecode.c.objc; path = ChoseUpperViewController.m; sourceTree = "<group>"; };
		D9A085751897187100B000B9 /* CustomizeUICollectionViewCell.h */ = {isa = PBXFileReference; fileEncoding = 4; lastKnownFileType = sourcecode.c.h; path = CustomizeUICollectionViewCell.h; sourceTree = "<group>"; };
		D9A085761897187100B000B9 /* CustomizeUICollectionViewCell.m */ = {isa = PBXFileReference; fileEncoding = 4; lastKnownFileType = sourcecode.c.objc; path = CustomizeUICollectionViewCell.m; sourceTree = "<group>"; };
		D9A0857818971AB000B000B9 /* ChoseUnderViewController.h */ = {isa = PBXFileReference; fileEncoding = 4; lastKnownFileType = sourcecode.c.h; path = ChoseUnderViewController.h; sourceTree = "<group>"; };
		D9A0857918971AB000B000B9 /* ChoseUnderViewController.m */ = {isa = PBXFileReference; fileEncoding = 4; lastKnownFileType = sourcecode.c.objc; path = ChoseUnderViewController.m; sourceTree = "<group>"; };
		D9A2DCD21897265E0069B5E0 /* ChoseBottomViewController.h */ = {isa = PBXFileReference; fileEncoding = 4; lastKnownFileType = sourcecode.c.h; path = ChoseBottomViewController.h; sourceTree = "<group>"; };
		D9A2DCD31897265E0069B5E0 /* ChoseBottomViewController.m */ = {isa = PBXFileReference; fileEncoding = 4; lastKnownFileType = sourcecode.c.objc; path = ChoseBottomViewController.m; sourceTree = "<group>"; };
		D9A2DCD5189728B10069B5E0 /* StyleCenter.h */ = {isa = PBXFileReference; fileEncoding = 4; lastKnownFileType = sourcecode.c.h; path = StyleCenter.h; sourceTree = "<group>"; };
		D9A2DCD6189728B10069B5E0 /* StyleCenter.m */ = {isa = PBXFileReference; fileEncoding = 4; lastKnownFileType = sourcecode.c.objc; path = StyleCenter.m; sourceTree = "<group>"; };
		D9A2DCD818972A920069B5E0 /* CustomizeResultViewController.h */ = {isa = PBXFileReference; fileEncoding = 4; lastKnownFileType = sourcecode.c.h; path = CustomizeResultViewController.h; sourceTree = "<group>"; };
		D9A2DCD918972A920069B5E0 /* CustomizeResultViewController.m */ = {isa = PBXFileReference; fileEncoding = 4; lastKnownFileType = sourcecode.c.objc; path = CustomizeResultViewController.m; sourceTree = "<group>"; };
		D9A71FE818B675BD00B15375 /* BazaarPFTableViewCell.h */ = {isa = PBXFileReference; fileEncoding = 4; lastKnownFileType = sourcecode.c.h; path = BazaarPFTableViewCell.h; sourceTree = "<group>"; };
		D9A71FE918B675BD00B15375 /* BazaarPFTableViewCell.m */ = {isa = PBXFileReference; fileEncoding = 4; lastKnownFileType = sourcecode.c.objc; path = BazaarPFTableViewCell.m; sourceTree = "<group>"; };
		D9A71FEB18B67EB100B15375 /* AnnouncementViewController.h */ = {isa = PBXFileReference; fileEncoding = 4; lastKnownFileType = sourcecode.c.h; path = AnnouncementViewController.h; sourceTree = "<group>"; };
		D9A71FEC18B67EB100B15375 /* AnnouncementViewController.m */ = {isa = PBXFileReference; fileEncoding = 4; lastKnownFileType = sourcecode.c.objc; path = AnnouncementViewController.m; sourceTree = "<group>"; };
		D9A71FF218B68C8300B15375 /* AddNewSHItemViewController.h */ = {isa = PBXFileReference; fileEncoding = 4; lastKnownFileType = sourcecode.c.h; path = AddNewSHItemViewController.h; sourceTree = "<group>"; };
		D9A71FF318B68C8300B15375 /* AddNewSHItemViewController.m */ = {isa = PBXFileReference; fileEncoding = 4; lastKnownFileType = sourcecode.c.objc; path = AddNewSHItemViewController.m; sourceTree = "<group>"; };
		D9ACAF3018BBCD0900AD7A57 /* MySMUViewController.h */ = {isa = PBXFileReference; fileEncoding = 4; lastKnownFileType = sourcecode.c.h; path = MySMUViewController.h; sourceTree = "<group>"; };
		D9ACAF3118BBCD0900AD7A57 /* MySMUViewController.m */ = {isa = PBXFileReference; fileEncoding = 4; lastKnownFileType = sourcecode.c.objc; path = MySMUViewController.m; sourceTree = "<group>"; };
		D9ACAF3518BBDF2500AD7A57 /* ProfileCell.h */ = {isa = PBXFileReference; fileEncoding = 4; lastKnownFileType = sourcecode.c.h; path = ProfileCell.h; sourceTree = "<group>"; };
		D9ACAF3618BBDF2500AD7A57 /* ProfileCell.m */ = {isa = PBXFileReference; fileEncoding = 4; lastKnownFileType = sourcecode.c.objc; path = ProfileCell.m; sourceTree = "<group>"; };
		D9ACAF3818BBEB5500AD7A57 /* ProfileEditViewController.h */ = {isa = PBXFileReference; fileEncoding = 4; lastKnownFileType = sourcecode.c.h; path = ProfileEditViewController.h; sourceTree = "<group>"; };
		D9ACAF3918BBEB5500AD7A57 /* ProfileEditViewController.m */ = {isa = PBXFileReference; fileEncoding = 4; lastKnownFileType = sourcecode.c.objc; path = ProfileEditViewController.m; sourceTree = "<group>"; };
		D9B6F02B187C32990069E088 /* snapFeedTableViewCell.h */ = {isa = PBXFileReference; fileEncoding = 4; lastKnownFileType = sourcecode.c.h; path = snapFeedTableViewCell.h; sourceTree = "<group>"; };
		D9B6F02C187C32990069E088 /* snapFeedTableViewCell.m */ = {isa = PBXFileReference; fileEncoding = 4; lastKnownFileType = sourcecode.c.objc; path = snapFeedTableViewCell.m; sourceTree = "<group>"; };
		D9CF91931887A0B70070B10B /* RootTabBarViewController.h */ = {isa = PBXFileReference; fileEncoding = 4; lastKnownFileType = sourcecode.c.h; path = RootTabBarViewController.h; sourceTree = "<group>"; };
		D9CF91941887A0B70070B10B /* RootTabBarViewController.m */ = {isa = PBXFileReference; fileEncoding = 4; lastKnownFileType = sourcecode.c.objc; path = RootTabBarViewController.m; sourceTree = "<group>"; };
		D9CF91961887A9140070B10B /* TssLoginViewController.h */ = {isa = PBXFileReference; fileEncoding = 4; lastKnownFileType = sourcecode.c.h; path = TssLoginViewController.h; sourceTree = "<group>"; };
		D9CF91971887A9140070B10B /* TssLoginViewController.m */ = {isa = PBXFileReference; fileEncoding = 4; lastKnownFileType = sourcecode.c.objc; path = TssLoginViewController.m; sourceTree = "<group>"; };
		D9DAEC9C1882EC9D0072CBAA /* CoreLocation.framework */ = {isa = PBXFileReference; lastKnownFileType = wrapper.framework; name = CoreLocation.framework; path = System/Library/Frameworks/CoreLocation.framework; sourceTree = SDKROOT; };
		D9E0026A189618CB0053FB0C /* BoyColorViewController.h */ = {isa = PBXFileReference; fileEncoding = 4; lastKnownFileType = sourcecode.c.h; path = BoyColorViewController.h; sourceTree = "<group>"; };
		D9E0026B189618CB0053FB0C /* BoyColorViewController.m */ = {isa = PBXFileReference; fileEncoding = 4; lastKnownFileType = sourcecode.c.objc; path = BoyColorViewController.m; sourceTree = "<group>"; };
		D9E0026D189631440053FB0C /* BoySMUViewController.h */ = {isa = PBXFileReference; fileEncoding = 4; lastKnownFileType = sourcecode.c.h; path = BoySMUViewController.h; sourceTree = "<group>"; };
		D9E0026E189631440053FB0C /* BoySMUViewController.m */ = {isa = PBXFileReference; fileEncoding = 4; lastKnownFileType = sourcecode.c.objc; path = BoySMUViewController.m; sourceTree = "<group>"; };
		D9E002701896324D0053FB0C /* GirlColorViewController.h */ = {isa = PBXFileReference; fileEncoding = 4; lastKnownFileType = sourcecode.c.h; path = GirlColorViewController.h; sourceTree = "<group>"; };
		D9E002711896324D0053FB0C /* GirlColorViewController.m */ = {isa = PBXFileReference; fileEncoding = 4; lastKnownFileType = sourcecode.c.objc; path = GirlColorViewController.m; sourceTree = "<group>"; };
		D9E00276189632680053FB0C /* GirlSMUViewController.h */ = {isa = PBXFileReference; fileEncoding = 4; lastKnownFileType = sourcecode.c.h; path = GirlSMUViewController.h; sourceTree = "<group>"; };
		D9E00277189632680053FB0C /* GirlSMUViewController.m */ = {isa = PBXFileReference; fileEncoding = 4; lastKnownFileType = sourcecode.c.objc; path = GirlSMUViewController.m; sourceTree = "<group>"; };
		D9E00279189637FE0053FB0C /* GirlStudyViewController.h */ = {isa = PBXFileReference; fileEncoding = 4; lastKnownFileType = sourcecode.c.h; path = GirlStudyViewController.h; sourceTree = "<group>"; };
		D9E0027A189637FE0053FB0C /* GirlStudyViewController.m */ = {isa = PBXFileReference; fileEncoding = 4; lastKnownFileType = sourcecode.c.objc; path = GirlStudyViewController.m; sourceTree = "<group>"; };
		D9E0027C1896428A0053FB0C /* QuizCenter.h */ = {isa = PBXFileReference; fileEncoding = 4; lastKnownFileType = sourcecode.c.h; path = QuizCenter.h; sourceTree = "<group>"; };
		D9E0027D1896428A0053FB0C /* QuizCenter.m */ = {isa = PBXFileReference; fileEncoding = 4; lastKnownFileType = sourcecode.c.objc; path = QuizCenter.m; sourceTree = "<group>"; };
		D9E38B3C1886F5F000FC9B6B /* BorGViewController.h */ = {isa = PBXFileReference; fileEncoding = 4; lastKnownFileType = sourcecode.c.h; path = BorGViewController.h; sourceTree = "<group>"; };
		D9E38B3D1886F5F000FC9B6B /* BorGViewController.m */ = {isa = PBXFileReference; fileEncoding = 4; lastKnownFileType = sourcecode.c.objc; path = BorGViewController.m; sourceTree = "<group>"; };
		D9E38B4E1886F7FF00FC9B6B /* BoyStudyViewController.h */ = {isa = PBXFileReference; fileEncoding = 4; lastKnownFileType = sourcecode.c.h; path = BoyStudyViewController.h; sourceTree = "<group>"; };
		D9E38B4F1886F7FF00FC9B6B /* BoyStudyViewController.m */ = {isa = PBXFileReference; fileEncoding = 4; lastKnownFileType = sourcecode.c.objc; path = BoyStudyViewController.m; sourceTree = "<group>"; };
		D9E6371F1847693800E0F703 /* Accounts.framework */ = {isa = PBXFileReference; lastKnownFileType = wrapper.framework; name = Accounts.framework; path = System/Library/Frameworks/Accounts.framework; sourceTree = SDKROOT; };
		D9E637211847694500E0F703 /* AdSupport.framework */ = {isa = PBXFileReference; lastKnownFileType = wrapper.framework; name = AdSupport.framework; path = System/Library/Frameworks/AdSupport.framework; sourceTree = SDKROOT; };
		D9E637231847694F00E0F703 /* Social.framework */ = {isa = PBXFileReference; lastKnownFileType = wrapper.framework; name = Social.framework; path = System/Library/Frameworks/Social.framework; sourceTree = SDKROOT; };
		D9E637251847695A00E0F703 /* libsqlite3.dylib */ = {isa = PBXFileReference; lastKnownFileType = "compiled.mach-o.dylib"; name = libsqlite3.dylib; path = usr/lib/libsqlite3.dylib; sourceTree = SDKROOT; };
		D9E63727184769CB00E0F703 /* StoreKit.framework */ = {isa = PBXFileReference; lastKnownFileType = wrapper.framework; name = StoreKit.framework; path = System/Library/Frameworks/StoreKit.framework; sourceTree = SDKROOT; };
		D9EE9A531882EB1100AA30EF /* AudioToolbox.framework */ = {isa = PBXFileReference; lastKnownFileType = wrapper.framework; name = AudioToolbox.framework; path = System/Library/Frameworks/AudioToolbox.framework; sourceTree = SDKROOT; };
		D9EE9A551882EB2000AA30EF /* CoreAudio.framework */ = {isa = PBXFileReference; lastKnownFileType = wrapper.framework; name = CoreAudio.framework; path = System/Library/Frameworks/CoreAudio.framework; sourceTree = SDKROOT; };
		D9EE9A571882EB2A00AA30EF /* AudioUnit.framework */ = {isa = PBXFileReference; lastKnownFileType = wrapper.framework; name = AudioUnit.framework; path = System/Library/Frameworks/AudioUnit.framework; sourceTree = SDKROOT; };
		D9F1C4EB1843767800CC0679 /* Parse.framework */ = {isa = PBXFileReference; lastKnownFileType = wrapper.framework; path = Parse.framework; sourceTree = "<group>"; };
		D9F1C4F3184376E500CC0679 /* libz.1.1.3.dylib */ = {isa = PBXFileReference; lastKnownFileType = "compiled.mach-o.dylib"; name = libz.1.1.3.dylib; path = usr/lib/libz.1.1.3.dylib; sourceTree = SDKROOT; };
		D9F1C4F5184376EC00CC0679 /* MobileCoreServices.framework */ = {isa = PBXFileReference; lastKnownFileType = wrapper.framework; name = MobileCoreServices.framework; path = System/Library/Frameworks/MobileCoreServices.framework; sourceTree = SDKROOT; };
		D9F1C4F7184376F600CC0679 /* QuartzCore.framework */ = {isa = PBXFileReference; lastKnownFileType = wrapper.framework; name = QuartzCore.framework; path = System/Library/Frameworks/QuartzCore.framework; sourceTree = SDKROOT; };
		D9F1C4F9184376FE00CC0679 /* Security.framework */ = {isa = PBXFileReference; lastKnownFileType = wrapper.framework; name = Security.framework; path = System/Library/Frameworks/Security.framework; sourceTree = SDKROOT; };
		D9F1C4FD1843770D00CC0679 /* SystemConfiguration.framework */ = {isa = PBXFileReference; lastKnownFileType = wrapper.framework; name = SystemConfiguration.framework; path = System/Library/Frameworks/SystemConfiguration.framework; sourceTree = SDKROOT; };
		D9F1C4FF18437D9700CC0679 /* FacebookSDK.framework */ = {isa = PBXFileReference; lastKnownFileType = wrapper.framework; name = FacebookSDK.framework; path = ../../Documents/FacebookSDK/FacebookSDK.framework; sourceTree = "<group>"; };
		D9F8910D18C46BDB003793BA /* TSSCategories.h */ = {isa = PBXFileReference; fileEncoding = 4; lastKnownFileType = sourcecode.c.h; path = TSSCategories.h; sourceTree = "<group>"; };
		D9F8910E18C46BDB003793BA /* TSSCategories.m */ = {isa = PBXFileReference; fileEncoding = 4; lastKnownFileType = sourcecode.c.objc; path = TSSCategories.m; sourceTree = "<group>"; };
/* End PBXFileReference section */

/* Begin PBXFrameworksBuildPhase section */
		D98BF152182550EC00DEE19B /* Frameworks */ = {
			isa = PBXFrameworksBuildPhase;
			buildActionMask = 2147483647;
			files = (
				D97BA74118C3829E004CC262 /* ImageIO.framework in Frameworks */,
				D9DAEC9D1882EC9D0072CBAA /* CoreLocation.framework in Frameworks */,
				D9DAEC9B1882EBEA0072CBAA /* AudioToolbox.framework in Frameworks */,
				D9F1C4FE1843770D00CC0679 /* SystemConfiguration.framework in Frameworks */,
				D9E63728184769CB00E0F703 /* StoreKit.framework in Frameworks */,
				D9F1C4F8184376F600CC0679 /* QuartzCore.framework in Frameworks */,
				D9F1C4F6184376EC00CC0679 /* MobileCoreServices.framework in Frameworks */,
				D98BF15B182550EC00DEE19B /* CoreGraphics.framework in Frameworks */,
				D9E637261847695A00E0F703 /* libsqlite3.dylib in Frameworks */,
				D9E637241847694F00E0F703 /* Social.framework in Frameworks */,
				D9E637221847694500E0F703 /* AdSupport.framework in Frameworks */,
				D9E637201847693800E0F703 /* Accounts.framework in Frameworks */,
				D9F1C4FA184376FE00CC0679 /* Security.framework in Frameworks */,
				D9F1C4F4184376E500CC0679 /* libz.1.1.3.dylib in Frameworks */,
				D98BF15D182550EC00DEE19B /* UIKit.framework in Frameworks */,
				D9F1C50018437D9700CC0679 /* FacebookSDK.framework in Frameworks */,
				D98BF159182550EC00DEE19B /* Foundation.framework in Frameworks */,
				D97BA73F18C38275004CC262 /* SDWebImage.framework in Frameworks */,
				D9F1C4EC1843767800CC0679 /* Parse.framework in Frameworks */,
			);
			runOnlyForDeploymentPostprocessing = 0;
		};
		D98BF176182550EC00DEE19B /* Frameworks */ = {
			isa = PBXFrameworksBuildPhase;
			buildActionMask = 2147483647;
			files = (
				D98BF17B182550EC00DEE19B /* XCTest.framework in Frameworks */,
				D98BF17D182550EC00DEE19B /* UIKit.framework in Frameworks */,
				D98BF17C182550EC00DEE19B /* Foundation.framework in Frameworks */,
			);
			runOnlyForDeploymentPostprocessing = 0;
		};
/* End PBXFrameworksBuildPhase section */

/* Begin PBXGroup section */
		D916C2EB18B89AC400486DFD /* Announcement */ = {
			isa = PBXGroup;
			children = (
				D916C2EC18B89AEB00486DFD /* AnnouncementCell.h */,
				D916C2ED18B89AEB00486DFD /* AnnouncementCell.m */,
			);
			name = Announcement;
			sourceTree = "<group>";
		};
		D952DAE218B648190032D40F /* Bazaar */ = {
			isa = PBXGroup;
			children = (
				D952DAE318B6484B0032D40F /* BazaarViewController.h */,
				D952DAE418B6484B0032D40F /* BazaarViewController.m */,
				D9A71FF218B68C8300B15375 /* AddNewSHItemViewController.h */,
				D9A71FF318B68C8300B15375 /* AddNewSHItemViewController.m */,
			);
			name = Bazaar;
			sourceTree = "<group>";
		};
		D952DAEB18B65AB50032D40F /* Promotion */ = {
			isa = PBXGroup;
			children = (
				D952DAE718B65AB00032D40F /* PromotionViewController.h */,
				D952DAE818B65AB00032D40F /* PromotionViewController.m */,
			);
			name = Promotion;
			sourceTree = "<group>";
		};
		D952DAF018B65D040032D40F /* Promotion */ = {
			isa = PBXGroup;
			children = (
				D952DAEC18B65CF90032D40F /* PromotionPFTableViewCell.h */,
				D952DAED18B65CF90032D40F /* PromotionPFTableViewCell.m */,
			);
			name = Promotion;
			sourceTree = "<group>";
		};
		D952DAF118B65D150032D40F /* Shop */ = {
			isa = PBXGroup;
			children = (
				D91770EF188CE6AF00FF3B93 /* productCollectionCell.h */,
				D91770F0188CE6AF00FF3B93 /* productCollectionCell.m */,
				D92F9DA8188C0804004F2231 /* CategoryTableViewCell.h */,
				D92F9DA9188C0804004F2231 /* CategoryTableViewCell.m */,
			);
			name = Shop;
			sourceTree = "<group>";
		};
		D952DAF218B65D260032D40F /* Buzz */ = {
			isa = PBXGroup;
			children = (
				D9B6F02B187C32990069E088 /* snapFeedTableViewCell.h */,
				D9B6F02C187C32990069E088 /* snapFeedTableViewCell.m */,
				D916C2F218B8E53E00486DFD /* BuzzCell.h */,
				D916C2F318B8E53E00486DFD /* BuzzCell.m */,
			);
			name = Buzz;
			sourceTree = "<group>";
		};
		D952DAF318B65D370032D40F /* Styling */ = {
			isa = PBXGroup;
			children = (
				D91CBB081896839B00372F9A /* CustomizeCell.h */,
				D91CBB091896839B00372F9A /* CustomizeCell.m */,
				D9A085751897187100B000B9 /* CustomizeUICollectionViewCell.h */,
				D9A085761897187100B000B9 /* CustomizeUICollectionViewCell.m */,
			);
			name = Styling;
			sourceTree = "<group>";
		};
		D957F9111883FB29008955CC /* Profile */ = {
			isa = PBXGroup;
			children = (
				D96006AE1884852400BB1C9E /* ProfileViewController.h */,
				D96006AF1884852400BB1C9E /* ProfileViewController.m */,
				D9ACAF3818BBEB5500AD7A57 /* ProfileEditViewController.h */,
				D9ACAF3918BBEB5500AD7A57 /* ProfileEditViewController.m */,
			);
			name = Profile;
			sourceTree = "<group>";
		};
		D96006B11884867A00BB1C9E /* Shop */ = {
			isa = PBXGroup;
			children = (
				D9824FF118B95F110086D1BE /* webPaymentViewController.h */,
				D9824FF218B95F110086D1BE /* webPaymentViewController.m */,
				D98BF1931825523900DEE19B /* ShowViewController.h */,
				D98BF1941825523900DEE19B /* ShowViewController.m */,
				D954DFCD1888229600CCA262 /* shopNavigationController.h */,
				D954DFCE1888229600CCA262 /* shopNavigationController.m */,
				D98F12F5188A9B7000BA7335 /* SliderContentViewController.h */,
				D98F12F6188A9B7000BA7335 /* SliderContentViewController.m */,
				D98F12F8188AA14500BA7335 /* SliderControllerViewController.h */,
				D98F12F9188AA14500BA7335 /* SliderControllerViewController.m */,
				D92F9DA5188C0019004F2231 /* CategoryTableViewController.h */,
				D92F9DA6188C0019004F2231 /* CategoryTableViewController.m */,
				D91770EC188CC9DE00FF3B93 /* ProductsCollectionViewController.h */,
				D91770ED188CC9DE00FF3B93 /* ProductsCollectionViewController.m */,
				D94F5C731890D5AE007B6116 /* SubCategoryTableViewController.h */,
				D94F5C741890D5AE007B6116 /* SubCategoryTableViewController.m */,
				D94F5C761890E3D8007B6116 /* ProductDetailViewController.h */,
				D94F5C771890E3D8007B6116 /* ProductDetailViewController.m */,
			);
			name = Shop;
			sourceTree = "<group>";
		};
		D96006B21884868D00BB1C9E /* Styling */ = {
			isa = PBXGroup;
			children = (
				D9A085711897147300B000B9 /* Customize */,
				D9A085701897146200B000B9 /* Quiz */,
				D98438421884D1CC008BDCA8 /* StlyingViewController.h */,
				D98438431884D1CC008BDCA8 /* StlyingViewController.m */,
			);
			name = Styling;
			sourceTree = "<group>";
		};
		D9647D4F187A816300B26CE8 /* Buzz */ = {
			isa = PBXGroup;
			children = (
				D9647D50187A821C00B26CE8 /* SnapTimelineViewController.h */,
				D9647D51187A821C00B26CE8 /* SnapTimelineViewController.m */,
				D9647D56187A823F00B26CE8 /* SnapTakePhotoViewController.h */,
				D9647D57187A823F00B26CE8 /* SnapTakePhotoViewController.m */,
				D916C2EF18B8DD6500486DFD /* BuzzViewController.h */,
				D916C2F018B8DD6500486DFD /* BuzzViewController.m */,
				D91C890518B935CE008E7536 /* Filter.h */,
				D91C890618B935CE008E7536 /* Filter.m */,
			);
			name = Buzz;
			sourceTree = "<group>";
		};
		D98989A818C20800000092F0 /* TheSMUShop */ = {
			isa = PBXGroup;
			children = (
				D98989A918C2080F000092F0 /* MainShopViewController.h */,
				D98989AA18C2080F000092F0 /* MainShopViewController.m */,
				D98989AC18C20B21000092F0 /* ShopSliderViewController.h */,
				D98989AD18C20B21000092F0 /* ShopSliderViewController.m */,
				D9259BCA18C52474006A254A /* SubCategoryViewController.h */,
				D9259BCB18C52474006A254A /* SubCategoryViewController.m */,
				D9259BCD18C527C6006A254A /* ProductsViewController.h */,
				D9259BCE18C527C6006A254A /* ProductsViewController.m */,
			);
			name = TheSMUShop;
			sourceTree = "<group>";
		};
		D98BF14C182550EC00DEE19B = {
			isa = PBXGroup;
			children = (
				D98BF15E182550EC00DEE19B /* tssmine */,
				D98BF180182550EC00DEE19B /* tssmineTests */,
				D98BF157182550EC00DEE19B /* Frameworks */,
				D98BF156182550EC00DEE19B /* Products */,
			);
			sourceTree = "<group>";
		};
		D98BF156182550EC00DEE19B /* Products */ = {
			isa = PBXGroup;
			children = (
				D98BF155182550EC00DEE19B /* mySMU.app */,
				D98BF179182550EC00DEE19B /* mySMUTests.xctest */,
			);
			name = Products;
			sourceTree = "<group>";
		};
		D98BF157182550EC00DEE19B /* Frameworks */ = {
			isa = PBXGroup;
			children = (
				D97BA74018C3829E004CC262 /* ImageIO.framework */,
				D97BA73E18C38274004CC262 /* SDWebImage.framework */,
				D9DAEC9C1882EC9D0072CBAA /* CoreLocation.framework */,
				D9EE9A571882EB2A00AA30EF /* AudioUnit.framework */,
				D9EE9A551882EB2000AA30EF /* CoreAudio.framework */,
				D9EE9A531882EB1100AA30EF /* AudioToolbox.framework */,
				D9E63727184769CB00E0F703 /* StoreKit.framework */,
				D9E637251847695A00E0F703 /* libsqlite3.dylib */,
				D9E637231847694F00E0F703 /* Social.framework */,
				D9E637211847694500E0F703 /* AdSupport.framework */,
				D9E6371F1847693800E0F703 /* Accounts.framework */,
				D9F1C4FF18437D9700CC0679 /* FacebookSDK.framework */,
				D9F1C4FD1843770D00CC0679 /* SystemConfiguration.framework */,
				D9F1C4F9184376FE00CC0679 /* Security.framework */,
				D9F1C4F7184376F600CC0679 /* QuartzCore.framework */,
				D9F1C4F5184376EC00CC0679 /* MobileCoreServices.framework */,
				D9F1C4F3184376E500CC0679 /* libz.1.1.3.dylib */,
				D9F1C4EB1843767800CC0679 /* Parse.framework */,
				D98BF158182550EC00DEE19B /* Foundation.framework */,
				D98BF15A182550EC00DEE19B /* CoreGraphics.framework */,
				D98BF15C182550EC00DEE19B /* UIKit.framework */,
				D98BF17A182550EC00DEE19B /* XCTest.framework */,
			);
			name = Frameworks;
			sourceTree = "<group>";
		};
		D98BF15E182550EC00DEE19B /* tssmine */ = {
			isa = PBXGroup;
			children = (
				D93FB67F18C436450080E3E6 /* MYSMUConstants.h */,
				D93FB68018C436A70080E3E6 /* MYSMUConstants.m */,
				D9A2DCD5189728B10069B5E0 /* StyleCenter.h */,
				D9A2DCD6189728B10069B5E0 /* StyleCenter.m */,
				D9E0027C1896428A0053FB0C /* QuizCenter.h */,
				D9E0027D1896428A0053FB0C /* QuizCenter.m */,
				D901607A187AB8190003985D /* Main.storyboard */,
				D99E50041826ABB0005F4D32 /* View */,
				D99E50031826AB91005F4D32 /* Controller */,
				D99E50021826AB74005F4D32 /* Model */,
				D98BF167182550EC00DEE19B /* AppDelegate.h */,
				D98BF168182550EC00DEE19B /* AppDelegate.m */,
				D97A35DA187E80B50006A90F /* TSSUtility.h */,
				D97A35DB187E80B50006A90F /* TSSUtility.m */,
				D952DADB18B5E5250032D40F /* Images.xcassets */,
				D98BF15F182550EC00DEE19B /* Supporting Files */,
			);
			path = tssmine;
			sourceTree = "<group>";
		};
		D98BF15F182550EC00DEE19B /* Supporting Files */ = {
			isa = PBXGroup;
			children = (
				D98BF160182550EC00DEE19B /* mySMU-Info.plist */,
				D98BF161182550EC00DEE19B /* InfoPlist.strings */,
				D98BF164182550EC00DEE19B /* main.m */,
				D98BF166182550EC00DEE19B /* mySMU-Prefix.pch */,
			);
			name = "Supporting Files";
			sourceTree = "<group>";
		};
		D98BF180182550EC00DEE19B /* tssmineTests */ = {
			isa = PBXGroup;
			children = (
				D98BF186182550EC00DEE19B /* tssmineTests.m */,
				D98BF181182550EC00DEE19B /* Supporting Files */,
			);
			path = tssmineTests;
			sourceTree = "<group>";
		};
		D98BF181182550EC00DEE19B /* Supporting Files */ = {
			isa = PBXGroup;
			children = (
				D98BF182182550EC00DEE19B /* mySMUTests-Info.plist */,
				D98BF183182550EC00DEE19B /* InfoPlist.strings */,
			);
			name = "Supporting Files";
			sourceTree = "<group>";
		};
		D99E50021826AB74005F4D32 /* Model */ = {
			isa = PBXGroup;
			children = (
				D9F8910C18C46BC1003793BA /* Shop */,
			);
			name = Model;
			sourceTree = "<group>";
		};
		D99E50031826AB91005F4D32 /* Controller */ = {
			isa = PBXGroup;
			children = (
				D98989A818C20800000092F0 /* TheSMUShop */,
				D9A71FEE18B67EB700B15375 /* Announcement */,
				D952DAEB18B65AB50032D40F /* Promotion */,
				D952DAE218B648190032D40F /* Bazaar */,
				D9CCC77518879216005A8B95 /* Login */,
				D96006B21884868D00BB1C9E /* Styling */,
				D96006B11884867A00BB1C9E /* Shop */,
				D957F9111883FB29008955CC /* Profile */,
				D9647D4F187A816300B26CE8 /* Buzz */,
				D9CF91931887A0B70070B10B /* RootTabBarViewController.h */,
				D9CF91941887A0B70070B10B /* RootTabBarViewController.m */,
			);
			name = Controller;
			sourceTree = "<group>";
		};
		D99E50041826ABB0005F4D32 /* View */ = {
			isa = PBXGroup;
			children = (
				D9ACAF3318BBDF0300AD7A57 /* Profile */,
				D916C2EB18B89AC400486DFD /* Announcement */,
				D9A71FE718B675A400B15375 /* Bazaar */,
				D952DAF318B65D370032D40F /* Styling */,
				D952DAF218B65D260032D40F /* Buzz */,
				D952DAF118B65D150032D40F /* Shop */,
				D952DAF018B65D040032D40F /* Promotion */,
			);
			name = View;
			sourceTree = "<group>";
		};
		D9A085701897146200B000B9 /* Quiz */ = {
			isa = PBXGroup;
			children = (
				D910811F1896A83100E46B51 /* QuizViewController.h */,
				D91081201896A83100E46B51 /* QuizViewController.m */,
				D9E38B3C1886F5F000FC9B6B /* BorGViewController.h */,
				D9E38B3D1886F5F000FC9B6B /* BorGViewController.m */,
				D9E38B4E1886F7FF00FC9B6B /* BoyStudyViewController.h */,
				D9E38B4F1886F7FF00FC9B6B /* BoyStudyViewController.m */,
				D9E0026A189618CB0053FB0C /* BoyColorViewController.h */,
				D9E0026B189618CB0053FB0C /* BoyColorViewController.m */,
				D9E0026D189631440053FB0C /* BoySMUViewController.h */,
				D9E0026E189631440053FB0C /* BoySMUViewController.m */,
				D9E002701896324D0053FB0C /* GirlColorViewController.h */,
				D9E002711896324D0053FB0C /* GirlColorViewController.m */,
				D9E00276189632680053FB0C /* GirlSMUViewController.h */,
				D9E00277189632680053FB0C /* GirlSMUViewController.m */,
				D9E00279189637FE0053FB0C /* GirlStudyViewController.h */,
				D9E0027A189637FE0053FB0C /* GirlStudyViewController.m */,
			);
			name = Quiz;
			sourceTree = "<group>";
		};
		D9A085711897147300B000B9 /* Customize */ = {
			isa = PBXGroup;
			children = (
				D9A08572189714B600B000B9 /* ChoseUpperViewController.h */,
				D9A08573189714B600B000B9 /* ChoseUpperViewController.m */,
				D9A0857818971AB000B000B9 /* ChoseUnderViewController.h */,
				D9A0857918971AB000B000B9 /* ChoseUnderViewController.m */,
				D9A2DCD21897265E0069B5E0 /* ChoseBottomViewController.h */,
				D9A2DCD31897265E0069B5E0 /* ChoseBottomViewController.m */,
				D9A2DCD818972A920069B5E0 /* CustomizeResultViewController.h */,
				D9A2DCD918972A920069B5E0 /* CustomizeResultViewController.m */,
			);
			name = Customize;
			sourceTree = "<group>";
		};
		D9A71FE718B675A400B15375 /* Bazaar */ = {
			isa = PBXGroup;
			children = (
				D9A71FE818B675BD00B15375 /* BazaarPFTableViewCell.h */,
				D9A71FE918B675BD00B15375 /* BazaarPFTableViewCell.m */,
			);
			name = Bazaar;
			sourceTree = "<group>";
		};
		D9A71FEE18B67EB700B15375 /* Announcement */ = {
			isa = PBXGroup;
			children = (
				D9A71FEB18B67EB100B15375 /* AnnouncementViewController.h */,
				D9A71FEC18B67EB100B15375 /* AnnouncementViewController.m */,
			);
			name = Announcement;
			sourceTree = "<group>";
		};
		D9ACAF3318BBDF0300AD7A57 /* Profile */ = {
			isa = PBXGroup;
			children = (
				D9ACAF3518BBDF2500AD7A57 /* ProfileCell.h */,
				D9ACAF3618BBDF2500AD7A57 /* ProfileCell.m */,
			);
			name = Profile;
			sourceTree = "<group>";
		};
		D9CCC77518879216005A8B95 /* Login */ = {
			isa = PBXGroup;
			children = (
				D9CF91961887A9140070B10B /* TssLoginViewController.h */,
				D9CF91971887A9140070B10B /* TssLoginViewController.m */,
				D9ACAF3018BBCD0900AD7A57 /* MySMUViewController.h */,
				D9ACAF3118BBCD0900AD7A57 /* MySMUViewController.m */,
			);
			name = Login;
			sourceTree = "<group>";
		};
		D9F8910C18C46BC1003793BA /* Shop */ = {
			isa = PBXGroup;
			children = (
				D9F8910D18C46BDB003793BA /* TSSCategories.h */,
				D9F8910E18C46BDB003793BA /* TSSCategories.m */,
			);
			name = Shop;
			sourceTree = "<group>";
		};
/* End PBXGroup section */

/* Begin PBXNativeTarget section */
		D98BF154182550EC00DEE19B /* mySMU */ = {
			isa = PBXNativeTarget;
			buildConfigurationList = D98BF18A182550EC00DEE19B /* Build configuration list for PBXNativeTarget "mySMU" */;
			buildPhases = (
				D98BF151182550EC00DEE19B /* Sources */,
				D98BF152182550EC00DEE19B /* Frameworks */,
				D98BF153182550EC00DEE19B /* Resources */,
			);
			buildRules = (
			);
			dependencies = (
			);
			name = mySMU;
			productName = tssmine;
			productReference = D98BF155182550EC00DEE19B /* mySMU.app */;
			productType = "com.apple.product-type.application";
		};
		D98BF178182550EC00DEE19B /* mySMUTests */ = {
			isa = PBXNativeTarget;
			buildConfigurationList = D98BF18D182550EC00DEE19B /* Build configuration list for PBXNativeTarget "mySMUTests" */;
			buildPhases = (
				D98BF175182550EC00DEE19B /* Sources */,
				D98BF176182550EC00DEE19B /* Frameworks */,
				D98BF177182550EC00DEE19B /* Resources */,
			);
			buildRules = (
			);
			dependencies = (
				D98BF17F182550EC00DEE19B /* PBXTargetDependency */,
			);
			name = mySMUTests;
			productName = tssmineTests;
			productReference = D98BF179182550EC00DEE19B /* mySMUTests.xctest */;
			productType = "com.apple.product-type.bundle.unit-test";
		};
/* End PBXNativeTarget section */

/* Begin PBXProject section */
		D98BF14D182550EC00DEE19B /* Project object */ = {
			isa = PBXProject;
			attributes = {
				LastUpgradeCheck = 0500;
				ORGANIZATIONNAME = "Bob Cao";
				TargetAttributes = {
					D98BF154182550EC00DEE19B = {
						DevelopmentTeam = Q9Z2F5P657;
						SystemCapabilities = {
							com.apple.InAppPurchase = {
								enabled = 0;
							};
						};
					};
					D98BF178182550EC00DEE19B = {
						TestTargetID = D98BF154182550EC00DEE19B;
					};
				};
			};
			buildConfigurationList = D98BF150182550EC00DEE19B /* Build configuration list for PBXProject "mySMU" */;
			compatibilityVersion = "Xcode 3.2";
			developmentRegion = English;
			hasScannedForEncodings = 0;
			knownRegions = (
				en,
				Base,
			);
			mainGroup = D98BF14C182550EC00DEE19B;
			productRefGroup = D98BF156182550EC00DEE19B /* Products */;
			projectDirPath = "";
			projectRoot = "";
			targets = (
				D98BF154182550EC00DEE19B /* mySMU */,
				D98BF178182550EC00DEE19B /* mySMUTests */,
			);
		};
/* End PBXProject section */

/* Begin PBXResourcesBuildPhase section */
		D98BF153182550EC00DEE19B /* Resources */ = {
			isa = PBXResourcesBuildPhase;
			buildActionMask = 2147483647;
			files = (
				D952DADC18B5E5250032D40F /* Images.xcassets in Resources */,
				D901607B187AB8190003985D /* Main.storyboard in Resources */,
				D98BF163182550EC00DEE19B /* InfoPlist.strings in Resources */,
			);
			runOnlyForDeploymentPostprocessing = 0;
		};
		D98BF177182550EC00DEE19B /* Resources */ = {
			isa = PBXResourcesBuildPhase;
			buildActionMask = 2147483647;
			files = (
				D98BF185182550EC00DEE19B /* InfoPlist.strings in Resources */,
				D952DADD18B5E5250032D40F /* Images.xcassets in Resources */,
			);
			runOnlyForDeploymentPostprocessing = 0;
		};
/* End PBXResourcesBuildPhase section */

/* Begin PBXSourcesBuildPhase section */
		D98BF151182550EC00DEE19B /* Sources */ = {
			isa = PBXSourcesBuildPhase;
			buildActionMask = 2147483647;
			files = (
				D954DFCF1888229600CCA262 /* shopNavigationController.m in Sources */,
				D952DAE518B6484B0032D40F /* BazaarViewController.m in Sources */,
				D98438441884D1CC008BDCA8 /* StlyingViewController.m in Sources */,
				D91CBB0A1896839B00372F9A /* CustomizeCell.m in Sources */,
				D9259BCC18C52474006A254A /* SubCategoryViewController.m in Sources */,
				D97A35DC187E80B50006A90F /* TSSUtility.m in Sources */,
				D98BF169182550EC00DEE19B /* AppDelegate.m in Sources */,
				D93FB68118C436A70080E3E6 /* MYSMUConstants.m in Sources */,
				D9A0857A18971AB000B000B9 /* ChoseUnderViewController.m in Sources */,
				D9A08574189714B600B000B9 /* ChoseUpperViewController.m in Sources */,
				D9E002721896324D0053FB0C /* GirlColorViewController.m in Sources */,
				D9A2DCD41897265E0069B5E0 /* ChoseBottomViewController.m in Sources */,
				D916C2F118B8DD6500486DFD /* BuzzViewController.m in Sources */,
				D91770EE188CC9DE00FF3B93 /* ProductsCollectionViewController.m in Sources */,
				D94F5C781890E3D9007B6116 /* ProductDetailViewController.m in Sources */,
				D9E38B501886F7FF00FC9B6B /* BoyStudyViewController.m in Sources */,
				D9CF91951887A0B70070B10B /* RootTabBarViewController.m in Sources */,
				D9CF91981887A9140070B10B /* TssLoginViewController.m in Sources */,
				D9A085771897187100B000B9 /* CustomizeUICollectionViewCell.m in Sources */,
				D9A2DCD7189728B10069B5E0 /* StyleCenter.m in Sources */,
				D91C890718B935CE008E7536 /* Filter.m in Sources */,
				D9B6F02D187C32990069E088 /* snapFeedTableViewCell.m in Sources */,
				D9E0026F189631440053FB0C /* BoySMUViewController.m in Sources */,
				D98989AE18C20B21000092F0 /* ShopSliderViewController.m in Sources */,
				D952DAEE18B65CF90032D40F /* PromotionPFTableViewCell.m in Sources */,
				D9E00278189632680053FB0C /* GirlSMUViewController.m in Sources */,
				D98BF165182550EC00DEE19B /* main.m in Sources */,
				D9A71FEA18B675BD00B15375 /* BazaarPFTableViewCell.m in Sources */,
				D916C2EE18B89AEB00486DFD /* AnnouncementCell.m in Sources */,
				D9647D58187A823F00B26CE8 /* SnapTakePhotoViewController.m in Sources */,
				D9259BCF18C527C6006A254A /* ProductsViewController.m in Sources */,
				D91081211896A83100E46B51 /* QuizViewController.m in Sources */,
				D9F8910F18C46BDB003793BA /* TSSCategories.m in Sources */,
				D94F5C751890D5AE007B6116 /* SubCategoryTableViewController.m in Sources */,
				D916C2F418B8E53E00486DFD /* BuzzCell.m in Sources */,
				D98F12F7188A9B7000BA7335 /* SliderContentViewController.m in Sources */,
				D952DAE918B65AB00032D40F /* PromotionViewController.m in Sources */,
				D9824FF318B95F110086D1BE /* webPaymentViewController.m in Sources */,
				D9647D52187A821C00B26CE8 /* SnapTimelineViewController.m in Sources */,
				D9A71FED18B67EB100B15375 /* AnnouncementViewController.m in Sources */,
				D92F9DA7188C0019004F2231 /* CategoryTableViewController.m in Sources */,
				D9ACAF3A18BBEB5500AD7A57 /* ProfileEditViewController.m in Sources */,
				D9E0027B189637FE0053FB0C /* GirlStudyViewController.m in Sources */,
				D91770F1188CE6AF00FF3B93 /* productCollectionCell.m in Sources */,
				D9E0027E1896428A0053FB0C /* QuizCenter.m in Sources */,
				D98F12FA188AA14500BA7335 /* SliderControllerViewController.m in Sources */,
				D9A2DCDA18972A930069B5E0 /* CustomizeResultViewController.m in Sources */,
				D9E0026C189618CB0053FB0C /* BoyColorViewController.m in Sources */,
				D98989AB18C2080F000092F0 /* MainShopViewController.m in Sources */,
				D9ACAF3218BBCD0900AD7A57 /* MySMUViewController.m in Sources */,
				D9A71FF418B68C8300B15375 /* AddNewSHItemViewController.m in Sources */,
				D9ACAF3718BBDF2500AD7A57 /* ProfileCell.m in Sources */,
				D96006B01884852400BB1C9E /* ProfileViewController.m in Sources */,
				D92F9DAA188C0804004F2231 /* CategoryTableViewCell.m in Sources */,
				D9E38B3E1886F5F000FC9B6B /* BorGViewController.m in Sources */,
				D98BF1951825523900DEE19B /* ShowViewController.m in Sources */,
			);
			runOnlyForDeploymentPostprocessing = 0;
		};
		D98BF175182550EC00DEE19B /* Sources */ = {
			isa = PBXSourcesBuildPhase;
			buildActionMask = 2147483647;
			files = (
				D952DAEA18B65AB00032D40F /* PromotionViewController.m in Sources */,
				D952DAEF18B65CF90032D40F /* PromotionPFTableViewCell.m in Sources */,
				D98BF187182550EC00DEE19B /* tssmineTests.m in Sources */,
				D952DAE618B6484B0032D40F /* BazaarViewController.m in Sources */,
			);
			runOnlyForDeploymentPostprocessing = 0;
		};
/* End PBXSourcesBuildPhase section */

/* Begin PBXTargetDependency section */
		D98BF17F182550EC00DEE19B /* PBXTargetDependency */ = {
			isa = PBXTargetDependency;
			target = D98BF154182550EC00DEE19B /* mySMU */;
			targetProxy = D98BF17E182550EC00DEE19B /* PBXContainerItemProxy */;
		};
/* End PBXTargetDependency section */

/* Begin PBXVariantGroup section */
		D98BF161182550EC00DEE19B /* InfoPlist.strings */ = {
			isa = PBXVariantGroup;
			children = (
				D98BF162182550EC00DEE19B /* en */,
			);
			name = InfoPlist.strings;
			sourceTree = "<group>";
		};
		D98BF183182550EC00DEE19B /* InfoPlist.strings */ = {
			isa = PBXVariantGroup;
			children = (
				D98BF184182550EC00DEE19B /* en */,
			);
			name = InfoPlist.strings;
			sourceTree = "<group>";
		};
/* End PBXVariantGroup section */

/* Begin XCBuildConfiguration section */
		D98BF188182550EC00DEE19B /* Debug */ = {
			isa = XCBuildConfiguration;
			buildSettings = {
				ALWAYS_SEARCH_USER_PATHS = NO;
				ARCHS = "$(ARCHS_STANDARD_INCLUDING_64_BIT)";
				CLANG_CXX_LANGUAGE_STANDARD = "gnu++0x";
				CLANG_CXX_LIBRARY = "libc++";
				CLANG_ENABLE_MODULES = YES;
				CLANG_ENABLE_OBJC_ARC = YES;
				CLANG_WARN_BOOL_CONVERSION = YES;
				CLANG_WARN_CONSTANT_CONVERSION = YES;
				CLANG_WARN_DIRECT_OBJC_ISA_USAGE = YES_ERROR;
				CLANG_WARN_EMPTY_BODY = YES;
				CLANG_WARN_ENUM_CONVERSION = YES;
				CLANG_WARN_INT_CONVERSION = YES;
				CLANG_WARN_OBJC_ROOT_CLASS = YES_ERROR;
				CLANG_WARN__DUPLICATE_METHOD_MATCH = YES;
				"CODE_SIGN_IDENTITY[sdk=iphoneos*]" = "iPhone Developer";
				COPY_PHASE_STRIP = NO;
				GCC_C_LANGUAGE_STANDARD = gnu99;
				GCC_DYNAMIC_NO_PIC = NO;
				GCC_OPTIMIZATION_LEVEL = 0;
				GCC_PREPROCESSOR_DEFINITIONS = (
					"DEBUG=1",
					"$(inherited)",
				);
				GCC_SYMBOLS_PRIVATE_EXTERN = NO;
				GCC_WARN_64_TO_32_BIT_CONVERSION = YES;
				GCC_WARN_ABOUT_RETURN_TYPE = YES_ERROR;
				GCC_WARN_UNDECLARED_SELECTOR = YES;
				GCC_WARN_UNINITIALIZED_AUTOS = YES;
				GCC_WARN_UNUSED_FUNCTION = YES;
				GCC_WARN_UNUSED_VARIABLE = YES;
				IPHONEOS_DEPLOYMENT_TARGET = 7.0;
				ONLY_ACTIVE_ARCH = YES;
				SDKROOT = iphoneos;
			};
			name = Debug;
		};
		D98BF189182550EC00DEE19B /* Release */ = {
			isa = XCBuildConfiguration;
			buildSettings = {
				ALWAYS_SEARCH_USER_PATHS = NO;
				ARCHS = "$(ARCHS_STANDARD_INCLUDING_64_BIT)";
				CLANG_CXX_LANGUAGE_STANDARD = "gnu++0x";
				CLANG_CXX_LIBRARY = "libc++";
				CLANG_ENABLE_MODULES = YES;
				CLANG_ENABLE_OBJC_ARC = YES;
				CLANG_WARN_BOOL_CONVERSION = YES;
				CLANG_WARN_CONSTANT_CONVERSION = YES;
				CLANG_WARN_DIRECT_OBJC_ISA_USAGE = YES_ERROR;
				CLANG_WARN_EMPTY_BODY = YES;
				CLANG_WARN_ENUM_CONVERSION = YES;
				CLANG_WARN_INT_CONVERSION = YES;
				CLANG_WARN_OBJC_ROOT_CLASS = YES_ERROR;
				CLANG_WARN__DUPLICATE_METHOD_MATCH = YES;
				"CODE_SIGN_IDENTITY[sdk=iphoneos*]" = "iPhone Developer";
				COPY_PHASE_STRIP = YES;
				ENABLE_NS_ASSERTIONS = NO;
				GCC_C_LANGUAGE_STANDARD = gnu99;
				GCC_WARN_64_TO_32_BIT_CONVERSION = YES;
				GCC_WARN_ABOUT_RETURN_TYPE = YES_ERROR;
				GCC_WARN_UNDECLARED_SELECTOR = YES;
				GCC_WARN_UNINITIALIZED_AUTOS = YES;
				GCC_WARN_UNUSED_FUNCTION = YES;
				GCC_WARN_UNUSED_VARIABLE = YES;
				IPHONEOS_DEPLOYMENT_TARGET = 7.0;
				SDKROOT = iphoneos;
				VALIDATE_PRODUCT = YES;
			};
			name = Release;
		};
		D98BF18B182550EC00DEE19B /* Debug */ = {
			isa = XCBuildConfiguration;
			buildSettings = {
				ASSETCATALOG_COMPILER_APPICON_NAME = AppIcon;
				ASSETCATALOG_COMPILER_LAUNCHIMAGE_NAME = LaunchImage;
				CODE_SIGN_IDENTITY = "iPhone Developer";
				"CODE_SIGN_IDENTITY[sdk=iphoneos*]" = "iPhone Developer";
				FRAMEWORK_SEARCH_PATHS = (
					"$(inherited)",
					/Users/bobcao/Desktop/tssmine,
					/Users/bobcao/Documents/FacebookSDK,
				);
				GCC_PRECOMPILE_PREFIX_HEADER = YES;
				GCC_PREFIX_HEADER = "tssmine/mySMU-Prefix.pch";
				INFOPLIST_FILE = "tssmine/mySMU-Info.plist";
				IPHONEOS_DEPLOYMENT_TARGET = 7.0;
				ONLY_ACTIVE_ARCH = NO;
				OTHER_LDFLAGS = "-ObjC";
				PRODUCT_NAME = mySMU;
				PROVISIONING_PROFILE = "";
				TARGETED_DEVICE_FAMILY = 1;
				VALID_ARCHS = "armv7 armv7s";
				WRAPPER_EXTENSION = app;
			};
			name = Debug;
		};
		D98BF18C182550EC00DEE19B /* Release */ = {
			isa = XCBuildConfiguration;
			buildSettings = {
				ASSETCATALOG_COMPILER_APPICON_NAME = AppIcon;
				ASSETCATALOG_COMPILER_LAUNCHIMAGE_NAME = LaunchImage;
				CODE_SIGN_IDENTITY = "iPhone Developer";
				"CODE_SIGN_IDENTITY[sdk=iphoneos*]" = "iPhone Developer";
				FRAMEWORK_SEARCH_PATHS = (
					"$(inherited)",
					/Users/bobcao/Desktop/tssmine,
					/Users/bobcao/Documents/FacebookSDK,
				);
				GCC_PRECOMPILE_PREFIX_HEADER = YES;
				GCC_PREFIX_HEADER = "tssmine/mySMU-Prefix.pch";
				INFOPLIST_FILE = "tssmine/mySMU-Info.plist";
				IPHONEOS_DEPLOYMENT_TARGET = 7.0;
				ONLY_ACTIVE_ARCH = NO;
				OTHER_LDFLAGS = "-ObjC";
				PRODUCT_NAME = mySMU;
				PROVISIONING_PROFILE = "";
				TARGETED_DEVICE_FAMILY = 1;
				VALID_ARCHS = "armv7 armv7s";
				WRAPPER_EXTENSION = app;
			};
			name = Release;
		};
		D98BF18E182550EC00DEE19B /* Debug */ = {
			isa = XCBuildConfiguration;
			buildSettings = {
				ARCHS = "$(ARCHS_STANDARD_INCLUDING_64_BIT)";
				BUNDLE_LOADER = "$(BUILT_PRODUCTS_DIR)/tssmine.app/tssmine";
				FRAMEWORK_SEARCH_PATHS = (
					"$(SDKROOT)/Developer/Library/Frameworks",
					"$(inherited)",
					"$(DEVELOPER_FRAMEWORKS_DIR)",
				);
				GCC_PRECOMPILE_PREFIX_HEADER = YES;
				GCC_PREFIX_HEADER = "tssmine/tssmine-Prefix.pch";
				GCC_PREPROCESSOR_DEFINITIONS = (
					"DEBUG=1",
					"$(inherited)",
				);
				INFOPLIST_FILE = "tssmineTests/mySMUTests-Info.plist";
				PRODUCT_NAME = mySMUTests;
				TEST_HOST = "$(BUNDLE_LOADER)";
				WRAPPER_EXTENSION = xctest;
			};
			name = Debug;
		};
		D98BF18F182550EC00DEE19B /* Release */ = {
			isa = XCBuildConfiguration;
			buildSettings = {
				ARCHS = "$(ARCHS_STANDARD_INCLUDING_64_BIT)";
				BUNDLE_LOADER = "$(BUILT_PRODUCTS_DIR)/tssmine.app/tssmine";
				FRAMEWORK_SEARCH_PATHS = (
					"$(SDKROOT)/Developer/Library/Frameworks",
					"$(inherited)",
					"$(DEVELOPER_FRAMEWORKS_DIR)",
				);
				GCC_PRECOMPILE_PREFIX_HEADER = YES;
				GCC_PREFIX_HEADER = "tssmine/tssmine-Prefix.pch";
				INFOPLIST_FILE = "tssmineTests/mySMUTests-Info.plist";
				PRODUCT_NAME = mySMUTests;
				TEST_HOST = "$(BUNDLE_LOADER)";
				WRAPPER_EXTENSION = xctest;
			};
			name = Release;
		};
/* End XCBuildConfiguration section */

/* Begin XCConfigurationList section */
		D98BF150182550EC00DEE19B /* Build configuration list for PBXProject "mySMU" */ = {
			isa = XCConfigurationList;
			buildConfigurations = (
				D98BF188182550EC00DEE19B /* Debug */,
				D98BF189182550EC00DEE19B /* Release */,
			);
			defaultConfigurationIsVisible = 0;
			defaultConfigurationName = Release;
		};
		D98BF18A182550EC00DEE19B /* Build configuration list for PBXNativeTarget "mySMU" */ = {
			isa = XCConfigurationList;
			buildConfigurations = (
				D98BF18B182550EC00DEE19B /* Debug */,
				D98BF18C182550EC00DEE19B /* Release */,
			);
			defaultConfigurationIsVisible = 0;
			defaultConfigurationName = Release;
		};
		D98BF18D182550EC00DEE19B /* Build configuration list for PBXNativeTarget "mySMUTests" */ = {
			isa = XCConfigurationList;
			buildConfigurations = (
				D98BF18E182550EC00DEE19B /* Debug */,
				D98BF18F182550EC00DEE19B /* Release */,
			);
			defaultConfigurationIsVisible = 0;
			defaultConfigurationName = Release;
		};
/* End XCConfigurationList section */
	};
	rootObject = D98BF14D182550EC00DEE19B /* Project object */;
}
