// !$*UTF8*$!
{
	archiveVersion = 1;
	classes = {
	};
	objectVersion = 46;
	objects = {

/* Begin PBXBuildFile section */
		D901607B187AB8190003985D /* Main.storyboard in Resources */ = {isa = PBXBuildFile; fileRef = D901607A187AB8190003985D /* Main.storyboard */; };
		D96006B01884852400BB1C9E /* ProfileViewController.m in Sources */ = {isa = PBXBuildFile; fileRef = D96006AF1884852400BB1C9E /* ProfileViewController.m */; };
		D9647D52187A821C00B26CE8 /* SnapTimelineViewController.m in Sources */ = {isa = PBXBuildFile; fileRef = D9647D51187A821C00B26CE8 /* SnapTimelineViewController.m */; };
		D9647D55187A823200B26CE8 /* SnapDetailViewController.m in Sources */ = {isa = PBXBuildFile; fileRef = D9647D54187A823200B26CE8 /* SnapDetailViewController.m */; };
		D9647D58187A823F00B26CE8 /* SnapTakePhotoViewController.m in Sources */ = {isa = PBXBuildFile; fileRef = D9647D57187A823F00B26CE8 /* SnapTakePhotoViewController.m */; };
		D97A35DC187E80B50006A90F /* TSSUtility.m in Sources */ = {isa = PBXBuildFile; fileRef = D97A35DB187E80B50006A90F /* TSSUtility.m */; };
		D98BF159182550EC00DEE19B /* Foundation.framework in Frameworks */ = {isa = PBXBuildFile; fileRef = D98BF158182550EC00DEE19B /* Foundation.framework */; };
		D98BF15B182550EC00DEE19B /* CoreGraphics.framework in Frameworks */ = {isa = PBXBuildFile; fileRef = D98BF15A182550EC00DEE19B /* CoreGraphics.framework */; };
		D98BF15D182550EC00DEE19B /* UIKit.framework in Frameworks */ = {isa = PBXBuildFile; fileRef = D98BF15C182550EC00DEE19B /* UIKit.framework */; };
		D98BF163182550EC00DEE19B /* InfoPlist.strings in Resources */ = {isa = PBXBuildFile; fileRef = D98BF161182550EC00DEE19B /* InfoPlist.strings */; };
		D98BF165182550EC00DEE19B /* main.m in Sources */ = {isa = PBXBuildFile; fileRef = D98BF164182550EC00DEE19B /* main.m */; };
		D98BF169182550EC00DEE19B /* AppDelegate.m in Sources */ = {isa = PBXBuildFile; fileRef = D98BF168182550EC00DEE19B /* AppDelegate.m */; };
		D98BF174182550EC00DEE19B /* Images.xcassets in Resources */ = {isa = PBXBuildFile; fileRef = D98BF173182550EC00DEE19B /* Images.xcassets */; };
		D98BF17B182550EC00DEE19B /* XCTest.framework in Frameworks */ = {isa = PBXBuildFile; fileRef = D98BF17A182550EC00DEE19B /* XCTest.framework */; };
		D98BF17C182550EC00DEE19B /* Foundation.framework in Frameworks */ = {isa = PBXBuildFile; fileRef = D98BF158182550EC00DEE19B /* Foundation.framework */; };
		D98BF17D182550EC00DEE19B /* UIKit.framework in Frameworks */ = {isa = PBXBuildFile; fileRef = D98BF15C182550EC00DEE19B /* UIKit.framework */; };
		D98BF185182550EC00DEE19B /* InfoPlist.strings in Resources */ = {isa = PBXBuildFile; fileRef = D98BF183182550EC00DEE19B /* InfoPlist.strings */; };
		D98BF187182550EC00DEE19B /* tssmineTests.m in Sources */ = {isa = PBXBuildFile; fileRef = D98BF186182550EC00DEE19B /* tssmineTests.m */; };
		D98BF1951825523900DEE19B /* ShowViewController.m in Sources */ = {isa = PBXBuildFile; fileRef = D98BF1941825523900DEE19B /* ShowViewController.m */; };
		D9B6F02A187C28210069E088 /* SnapFeedsViewController.m in Sources */ = {isa = PBXBuildFile; fileRef = D9B6F029187C28210069E088 /* SnapFeedsViewController.m */; };
		D9B6F02D187C32990069E088 /* snapFeedTableViewCell.m in Sources */ = {isa = PBXBuildFile; fileRef = D9B6F02C187C32990069E088 /* snapFeedTableViewCell.m */; };
		D9DAEC9B1882EBEA0072CBAA /* AudioToolbox.framework in Frameworks */ = {isa = PBXBuildFile; fileRef = D9EE9A531882EB1100AA30EF /* AudioToolbox.framework */; };
		D9DAEC9D1882EC9D0072CBAA /* CoreLocation.framework in Frameworks */ = {isa = PBXBuildFile; fileRef = D9DAEC9C1882EC9D0072CBAA /* CoreLocation.framework */; };
		D9E637201847693800E0F703 /* Accounts.framework in Frameworks */ = {isa = PBXBuildFile; fileRef = D9E6371F1847693800E0F703 /* Accounts.framework */; };
		D9E637221847694500E0F703 /* AdSupport.framework in Frameworks */ = {isa = PBXBuildFile; fileRef = D9E637211847694500E0F703 /* AdSupport.framework */; };
		D9E637241847694F00E0F703 /* Social.framework in Frameworks */ = {isa = PBXBuildFile; fileRef = D9E637231847694F00E0F703 /* Social.framework */; };
		D9E637261847695A00E0F703 /* libsqlite3.dylib in Frameworks */ = {isa = PBXBuildFile; fileRef = D9E637251847695A00E0F703 /* libsqlite3.dylib */; };
		D9E63728184769CB00E0F703 /* StoreKit.framework in Frameworks */ = {isa = PBXBuildFile; fileRef = D9E63727184769CB00E0F703 /* StoreKit.framework */; };
		D9F1C4EC1843767800CC0679 /* Parse.framework in Frameworks */ = {isa = PBXBuildFile; fileRef = D9F1C4EB1843767800CC0679 /* Parse.framework */; };
		D9F1C4F4184376E500CC0679 /* libz.1.1.3.dylib in Frameworks */ = {isa = PBXBuildFile; fileRef = D9F1C4F3184376E500CC0679 /* libz.1.1.3.dylib */; };
		D9F1C4F6184376EC00CC0679 /* MobileCoreServices.framework in Frameworks */ = {isa = PBXBuildFile; fileRef = D9F1C4F5184376EC00CC0679 /* MobileCoreServices.framework */; };
		D9F1C4F8184376F600CC0679 /* QuartzCore.framework in Frameworks */ = {isa = PBXBuildFile; fileRef = D9F1C4F7184376F600CC0679 /* QuartzCore.framework */; };
		D9F1C4FA184376FE00CC0679 /* Security.framework in Frameworks */ = {isa = PBXBuildFile; fileRef = D9F1C4F9184376FE00CC0679 /* Security.framework */; };
		D9F1C4FE1843770D00CC0679 /* SystemConfiguration.framework in Frameworks */ = {isa = PBXBuildFile; fileRef = D9F1C4FD1843770D00CC0679 /* SystemConfiguration.framework */; };
		D9F1C50018437D9700CC0679 /* FacebookSDK.framework in Frameworks */ = {isa = PBXBuildFile; fileRef = D9F1C4FF18437D9700CC0679 /* FacebookSDK.framework */; };
/* End PBXBuildFile section */

/* Begin PBXContainerItemProxy section */
		D98BF17E182550EC00DEE19B /* PBXContainerItemProxy */ = {
			isa = PBXContainerItemProxy;
			containerPortal = D98BF14D182550EC00DEE19B /* Project object */;
			proxyType = 1;
			remoteGlobalIDString = D98BF154182550EC00DEE19B;
			remoteInfo = tssmine;
		};
/* End PBXContainerItemProxy section */

/* Begin PBXFileReference section */
		0ABE0E866C4C473DABC4F5A4 /* Pods.xcconfig */ = {isa = PBXFileReference; includeInIndex = 1; lastKnownFileType = text.xcconfig; name = Pods.xcconfig; path = Pods/Pods.xcconfig; sourceTree = "<group>"; };
		1B5E9579A6C24A9E8800CED8 /* libPods.a */ = {isa = PBXFileReference; explicitFileType = archive.ar; includeInIndex = 0; path = libPods.a; sourceTree = BUILT_PRODUCTS_DIR; };
		D901607A187AB8190003985D /* Main.storyboard */ = {isa = PBXFileReference; fileEncoding = 4; lastKnownFileType = file.storyboard; path = Main.storyboard; sourceTree = "<group>"; };
		D96006AE1884852400BB1C9E /* ProfileViewController.h */ = {isa = PBXFileReference; fileEncoding = 4; lastKnownFileType = sourcecode.c.h; path = ProfileViewController.h; sourceTree = "<group>"; };
		D96006AF1884852400BB1C9E /* ProfileViewController.m */ = {isa = PBXFileReference; fileEncoding = 4; lastKnownFileType = sourcecode.c.objc; path = ProfileViewController.m; sourceTree = "<group>"; };
		D9647D50187A821C00B26CE8 /* SnapTimelineViewController.h */ = {isa = PBXFileReference; fileEncoding = 4; lastKnownFileType = sourcecode.c.h; path = SnapTimelineViewController.h; sourceTree = "<group>"; };
		D9647D51187A821C00B26CE8 /* SnapTimelineViewController.m */ = {isa = PBXFileReference; fileEncoding = 4; lastKnownFileType = sourcecode.c.objc; path = SnapTimelineViewController.m; sourceTree = "<group>"; };
		D9647D53187A823200B26CE8 /* SnapDetailViewController.h */ = {isa = PBXFileReference; fileEncoding = 4; lastKnownFileType = sourcecode.c.h; path = SnapDetailViewController.h; sourceTree = "<group>"; };
		D9647D54187A823200B26CE8 /* SnapDetailViewController.m */ = {isa = PBXFileReference; fileEncoding = 4; lastKnownFileType = sourcecode.c.objc; path = SnapDetailViewController.m; sourceTree = "<group>"; };
		D9647D56187A823F00B26CE8 /* SnapTakePhotoViewController.h */ = {isa = PBXFileReference; fileEncoding = 4; lastKnownFileType = sourcecode.c.h; path = SnapTakePhotoViewController.h; sourceTree = "<group>"; };
		D9647D57187A823F00B26CE8 /* SnapTakePhotoViewController.m */ = {isa = PBXFileReference; fileEncoding = 4; lastKnownFileType = sourcecode.c.objc; path = SnapTakePhotoViewController.m; sourceTree = "<group>"; };
		D97A35DA187E80B50006A90F /* TSSUtility.h */ = {isa = PBXFileReference; fileEncoding = 4; lastKnownFileType = sourcecode.c.h; path = TSSUtility.h; sourceTree = "<group>"; };
		D97A35DB187E80B50006A90F /* TSSUtility.m */ = {isa = PBXFileReference; fileEncoding = 4; lastKnownFileType = sourcecode.c.objc; path = TSSUtility.m; sourceTree = "<group>"; };
		D98BF155182550EC00DEE19B /* tssmine.app */ = {isa = PBXFileReference; explicitFileType = wrapper.application; includeInIndex = 0; path = tssmine.app; sourceTree = BUILT_PRODUCTS_DIR; };
		D98BF158182550EC00DEE19B /* Foundation.framework */ = {isa = PBXFileReference; lastKnownFileType = wrapper.framework; name = Foundation.framework; path = System/Library/Frameworks/Foundation.framework; sourceTree = SDKROOT; };
		D98BF15A182550EC00DEE19B /* CoreGraphics.framework */ = {isa = PBXFileReference; lastKnownFileType = wrapper.framework; name = CoreGraphics.framework; path = System/Library/Frameworks/CoreGraphics.framework; sourceTree = SDKROOT; };
		D98BF15C182550EC00DEE19B /* UIKit.framework */ = {isa = PBXFileReference; lastKnownFileType = wrapper.framework; name = UIKit.framework; path = System/Library/Frameworks/UIKit.framework; sourceTree = SDKROOT; };
		D98BF160182550EC00DEE19B /* tssmine-Info.plist */ = {isa = PBXFileReference; lastKnownFileType = text.plist.xml; path = "tssmine-Info.plist"; sourceTree = "<group>"; };
		D98BF162182550EC00DEE19B /* en */ = {isa = PBXFileReference; lastKnownFileType = text.plist.strings; name = en; path = en.lproj/InfoPlist.strings; sourceTree = "<group>"; };
		D98BF164182550EC00DEE19B /* main.m */ = {isa = PBXFileReference; lastKnownFileType = sourcecode.c.objc; path = main.m; sourceTree = "<group>"; };
		D98BF166182550EC00DEE19B /* tssmine-Prefix.pch */ = {isa = PBXFileReference; lastKnownFileType = sourcecode.c.h; path = "tssmine-Prefix.pch"; sourceTree = "<group>"; };
		D98BF167182550EC00DEE19B /* AppDelegate.h */ = {isa = PBXFileReference; lastKnownFileType = sourcecode.c.h; path = AppDelegate.h; sourceTree = "<group>"; };
		D98BF168182550EC00DEE19B /* AppDelegate.m */ = {isa = PBXFileReference; lastKnownFileType = sourcecode.c.objc; path = AppDelegate.m; sourceTree = "<group>"; };
		D98BF173182550EC00DEE19B /* Images.xcassets */ = {isa = PBXFileReference; lastKnownFileType = folder.assetcatalog; path = Images.xcassets; sourceTree = "<group>"; };
		D98BF179182550EC00DEE19B /* tssmineTests.xctest */ = {isa = PBXFileReference; explicitFileType = wrapper.cfbundle; includeInIndex = 0; path = tssmineTests.xctest; sourceTree = BUILT_PRODUCTS_DIR; };
		D98BF17A182550EC00DEE19B /* XCTest.framework */ = {isa = PBXFileReference; lastKnownFileType = wrapper.framework; name = XCTest.framework; path = Library/Frameworks/XCTest.framework; sourceTree = DEVELOPER_DIR; };
		D98BF182182550EC00DEE19B /* tssmineTests-Info.plist */ = {isa = PBXFileReference; lastKnownFileType = text.plist.xml; path = "tssmineTests-Info.plist"; sourceTree = "<group>"; };
		D98BF184182550EC00DEE19B /* en */ = {isa = PBXFileReference; lastKnownFileType = text.plist.strings; name = en; path = en.lproj/InfoPlist.strings; sourceTree = "<group>"; };
		D98BF186182550EC00DEE19B /* tssmineTests.m */ = {isa = PBXFileReference; lastKnownFileType = sourcecode.c.objc; path = tssmineTests.m; sourceTree = "<group>"; };
		D98BF1931825523900DEE19B /* ShowViewController.h */ = {isa = PBXFileReference; fileEncoding = 4; lastKnownFileType = sourcecode.c.h; path = ShowViewController.h; sourceTree = "<group>"; };
		D98BF1941825523900DEE19B /* ShowViewController.m */ = {isa = PBXFileReference; fileEncoding = 4; lastKnownFileType = sourcecode.c.objc; path = ShowViewController.m; sourceTree = "<group>"; };
		D9B6F028187C28210069E088 /* SnapFeedsViewController.h */ = {isa = PBXFileReference; fileEncoding = 4; lastKnownFileType = sourcecode.c.h; path = SnapFeedsViewController.h; sourceTree = "<group>"; };
		D9B6F029187C28210069E088 /* SnapFeedsViewController.m */ = {isa = PBXFileReference; fileEncoding = 4; lastKnownFileType = sourcecode.c.objc; path = SnapFeedsViewController.m; sourceTree = "<group>"; };
		D9B6F02B187C32990069E088 /* snapFeedTableViewCell.h */ = {isa = PBXFileReference; fileEncoding = 4; lastKnownFileType = sourcecode.c.h; path = snapFeedTableViewCell.h; sourceTree = "<group>"; };
		D9B6F02C187C32990069E088 /* snapFeedTableViewCell.m */ = {isa = PBXFileReference; fileEncoding = 4; lastKnownFileType = sourcecode.c.objc; path = snapFeedTableViewCell.m; sourceTree = "<group>"; };
		D9DAEC9C1882EC9D0072CBAA /* CoreLocation.framework */ = {isa = PBXFileReference; lastKnownFileType = wrapper.framework; name = CoreLocation.framework; path = System/Library/Frameworks/CoreLocation.framework; sourceTree = SDKROOT; };
		D9E6371F1847693800E0F703 /* Accounts.framework */ = {isa = PBXFileReference; lastKnownFileType = wrapper.framework; name = Accounts.framework; path = System/Library/Frameworks/Accounts.framework; sourceTree = SDKROOT; };
		D9E637211847694500E0F703 /* AdSupport.framework */ = {isa = PBXFileReference; lastKnownFileType = wrapper.framework; name = AdSupport.framework; path = System/Library/Frameworks/AdSupport.framework; sourceTree = SDKROOT; };
		D9E637231847694F00E0F703 /* Social.framework */ = {isa = PBXFileReference; lastKnownFileType = wrapper.framework; name = Social.framework; path = System/Library/Frameworks/Social.framework; sourceTree = SDKROOT; };
		D9E637251847695A00E0F703 /* libsqlite3.dylib */ = {isa = PBXFileReference; lastKnownFileType = "compiled.mach-o.dylib"; name = libsqlite3.dylib; path = usr/lib/libsqlite3.dylib; sourceTree = SDKROOT; };
		D9E63727184769CB00E0F703 /* StoreKit.framework */ = {isa = PBXFileReference; lastKnownFileType = wrapper.framework; name = StoreKit.framework; path = System/Library/Frameworks/StoreKit.framework; sourceTree = SDKROOT; };
		D9EE9A531882EB1100AA30EF /* AudioToolbox.framework */ = {isa = PBXFileReference; lastKnownFileType = wrapper.framework; name = AudioToolbox.framework; path = System/Library/Frameworks/AudioToolbox.framework; sourceTree = SDKROOT; };
		D9EE9A551882EB2000AA30EF /* CoreAudio.framework */ = {isa = PBXFileReference; lastKnownFileType = wrapper.framework; name = CoreAudio.framework; path = System/Library/Frameworks/CoreAudio.framework; sourceTree = SDKROOT; };
		D9EE9A571882EB2A00AA30EF /* AudioUnit.framework */ = {isa = PBXFileReference; lastKnownFileType = wrapper.framework; name = AudioUnit.framework; path = System/Library/Frameworks/AudioUnit.framework; sourceTree = SDKROOT; };
		D9F1C4EB1843767800CC0679 /* Parse.framework */ = {isa = PBXFileReference; lastKnownFileType = wrapper.framework; path = Parse.framework; sourceTree = "<group>"; };
		D9F1C4F3184376E500CC0679 /* libz.1.1.3.dylib */ = {isa = PBXFileReference; lastKnownFileType = "compiled.mach-o.dylib"; name = libz.1.1.3.dylib; path = usr/lib/libz.1.1.3.dylib; sourceTree = SDKROOT; };
		D9F1C4F5184376EC00CC0679 /* MobileCoreServices.framework */ = {isa = PBXFileReference; lastKnownFileType = wrapper.framework; name = MobileCoreServices.framework; path = System/Library/Frameworks/MobileCoreServices.framework; sourceTree = SDKROOT; };
		D9F1C4F7184376F600CC0679 /* QuartzCore.framework */ = {isa = PBXFileReference; lastKnownFileType = wrapper.framework; name = QuartzCore.framework; path = System/Library/Frameworks/QuartzCore.framework; sourceTree = SDKROOT; };
		D9F1C4F9184376FE00CC0679 /* Security.framework */ = {isa = PBXFileReference; lastKnownFileType = wrapper.framework; name = Security.framework; path = System/Library/Frameworks/Security.framework; sourceTree = SDKROOT; };
		D9F1C4FD1843770D00CC0679 /* SystemConfiguration.framework */ = {isa = PBXFileReference; lastKnownFileType = wrapper.framework; name = SystemConfiguration.framework; path = System/Library/Frameworks/SystemConfiguration.framework; sourceTree = SDKROOT; };
		D9F1C4FF18437D9700CC0679 /* FacebookSDK.framework */ = {isa = PBXFileReference; lastKnownFileType = wrapper.framework; name = FacebookSDK.framework; path = ../../Documents/FacebookSDK/FacebookSDK.framework; sourceTree = "<group>"; };
/* End PBXFileReference section */

/* Begin PBXFrameworksBuildPhase section */
		D98BF152182550EC00DEE19B /* Frameworks */ = {
			isa = PBXFrameworksBuildPhase;
			buildActionMask = 2147483647;
			files = (
				D9DAEC9D1882EC9D0072CBAA /* CoreLocation.framework in Frameworks */,
				D9DAEC9B1882EBEA0072CBAA /* AudioToolbox.framework in Frameworks */,
				D9F1C4FE1843770D00CC0679 /* SystemConfiguration.framework in Frameworks */,
				D9E63728184769CB00E0F703 /* StoreKit.framework in Frameworks */,
				D9F1C4F8184376F600CC0679 /* QuartzCore.framework in Frameworks */,
				D9F1C4F6184376EC00CC0679 /* MobileCoreServices.framework in Frameworks */,
				D98BF15B182550EC00DEE19B /* CoreGraphics.framework in Frameworks */,
				D9E637261847695A00E0F703 /* libsqlite3.dylib in Frameworks */,
				D9E637241847694F00E0F703 /* Social.framework in Frameworks */,
				D9E637221847694500E0F703 /* AdSupport.framework in Frameworks */,
				D9E637201847693800E0F703 /* Accounts.framework in Frameworks */,
				D9F1C4FA184376FE00CC0679 /* Security.framework in Frameworks */,
				D9F1C4F4184376E500CC0679 /* libz.1.1.3.dylib in Frameworks */,
				D98BF15D182550EC00DEE19B /* UIKit.framework in Frameworks */,
				D9F1C50018437D9700CC0679 /* FacebookSDK.framework in Frameworks */,
				D98BF159182550EC00DEE19B /* Foundation.framework in Frameworks */,
				D9F1C4EC1843767800CC0679 /* Parse.framework in Frameworks */,
			);
			runOnlyForDeploymentPostprocessing = 0;
		};
		D98BF176182550EC00DEE19B /* Frameworks */ = {
			isa = PBXFrameworksBuildPhase;
			buildActionMask = 2147483647;
			files = (
				D98BF17B182550EC00DEE19B /* XCTest.framework in Frameworks */,
				D98BF17D182550EC00DEE19B /* UIKit.framework in Frameworks */,
				D98BF17C182550EC00DEE19B /* Foundation.framework in Frameworks */,
			);
			runOnlyForDeploymentPostprocessing = 0;
		};
/* End PBXFrameworksBuildPhase section */

/* Begin PBXGroup section */
		D957F9111883FB29008955CC /* Profile */ = {
			isa = PBXGroup;
			children = (
				D96006AE1884852400BB1C9E /* ProfileViewController.h */,
				D96006AF1884852400BB1C9E /* ProfileViewController.m */,
			);
			name = Profile;
			sourceTree = "<group>";
		};
		D96006B11884867A00BB1C9E /* Shop */ = {
			isa = PBXGroup;
			children = (
				D98BF1931825523900DEE19B /* ShowViewController.h */,
				D98BF1941825523900DEE19B /* ShowViewController.m */,
			);
			name = Shop;
			sourceTree = "<group>";
		};
		D96006B21884868D00BB1C9E /* Styling */ = {
			isa = PBXGroup;
			children = (
			);
			name = Styling;
			sourceTree = "<group>";
		};
		D9647D4F187A816300B26CE8 /* Snap */ = {
			isa = PBXGroup;
			children = (
				D9647D50187A821C00B26CE8 /* SnapTimelineViewController.h */,
				D9647D51187A821C00B26CE8 /* SnapTimelineViewController.m */,
				D9647D53187A823200B26CE8 /* SnapDetailViewController.h */,
				D9647D54187A823200B26CE8 /* SnapDetailViewController.m */,
				D9647D56187A823F00B26CE8 /* SnapTakePhotoViewController.h */,
				D9647D57187A823F00B26CE8 /* SnapTakePhotoViewController.m */,
				D9B6F028187C28210069E088 /* SnapFeedsViewController.h */,
				D9B6F029187C28210069E088 /* SnapFeedsViewController.m */,
			);
			name = Snap;
			sourceTree = "<group>";
		};
		D98BF14C182550EC00DEE19B = {
			isa = PBXGroup;
			children = (
				D98BF15E182550EC00DEE19B /* tssmine */,
				D98BF180182550EC00DEE19B /* tssmineTests */,
				D98BF157182550EC00DEE19B /* Frameworks */,
				D98BF156182550EC00DEE19B /* Products */,
				0ABE0E866C4C473DABC4F5A4 /* Pods.xcconfig */,
			);
			sourceTree = "<group>";
		};
		D98BF156182550EC00DEE19B /* Products */ = {
			isa = PBXGroup;
			children = (
				D98BF155182550EC00DEE19B /* tssmine.app */,
				D98BF179182550EC00DEE19B /* tssmineTests.xctest */,
			);
			name = Products;
			sourceTree = "<group>";
		};
		D98BF157182550EC00DEE19B /* Frameworks */ = {
			isa = PBXGroup;
			children = (
				D9DAEC9C1882EC9D0072CBAA /* CoreLocation.framework */,
				D9EE9A571882EB2A00AA30EF /* AudioUnit.framework */,
				D9EE9A551882EB2000AA30EF /* CoreAudio.framework */,
				D9EE9A531882EB1100AA30EF /* AudioToolbox.framework */,
				D9E63727184769CB00E0F703 /* StoreKit.framework */,
				D9E637251847695A00E0F703 /* libsqlite3.dylib */,
				D9E637231847694F00E0F703 /* Social.framework */,
				D9E637211847694500E0F703 /* AdSupport.framework */,
				D9E6371F1847693800E0F703 /* Accounts.framework */,
				D9F1C4FF18437D9700CC0679 /* FacebookSDK.framework */,
				D9F1C4FD1843770D00CC0679 /* SystemConfiguration.framework */,
				D9F1C4F9184376FE00CC0679 /* Security.framework */,
				D9F1C4F7184376F600CC0679 /* QuartzCore.framework */,
				D9F1C4F5184376EC00CC0679 /* MobileCoreServices.framework */,
				D9F1C4F3184376E500CC0679 /* libz.1.1.3.dylib */,
				D9F1C4EB1843767800CC0679 /* Parse.framework */,
				D98BF158182550EC00DEE19B /* Foundation.framework */,
				D98BF15A182550EC00DEE19B /* CoreGraphics.framework */,
				D98BF15C182550EC00DEE19B /* UIKit.framework */,
				D98BF17A182550EC00DEE19B /* XCTest.framework */,
				1B5E9579A6C24A9E8800CED8 /* libPods.a */,
			);
			name = Frameworks;
			sourceTree = "<group>";
		};
		D98BF15E182550EC00DEE19B /* tssmine */ = {
			isa = PBXGroup;
			children = (
				D901607A187AB8190003985D /* Main.storyboard */,
				D99E50041826ABB0005F4D32 /* View */,
				D99E50031826AB91005F4D32 /* Controller */,
				D99E50021826AB74005F4D32 /* Model */,
				D98BF167182550EC00DEE19B /* AppDelegate.h */,
				D98BF168182550EC00DEE19B /* AppDelegate.m */,
				D97A35DA187E80B50006A90F /* TSSUtility.h */,
				D97A35DB187E80B50006A90F /* TSSUtility.m */,
				D98BF173182550EC00DEE19B /* Images.xcassets */,
				D98BF15F182550EC00DEE19B /* Supporting Files */,
			);
			path = tssmine;
			sourceTree = "<group>";
		};
		D98BF15F182550EC00DEE19B /* Supporting Files */ = {
			isa = PBXGroup;
			children = (
				D98BF160182550EC00DEE19B /* tssmine-Info.plist */,
				D98BF161182550EC00DEE19B /* InfoPlist.strings */,
				D98BF164182550EC00DEE19B /* main.m */,
				D98BF166182550EC00DEE19B /* tssmine-Prefix.pch */,
			);
			name = "Supporting Files";
			sourceTree = "<group>";
		};
		D98BF180182550EC00DEE19B /* tssmineTests */ = {
			isa = PBXGroup;
			children = (
				D98BF186182550EC00DEE19B /* tssmineTests.m */,
				D98BF181182550EC00DEE19B /* Supporting Files */,
			);
			path = tssmineTests;
			sourceTree = "<group>";
		};
		D98BF181182550EC00DEE19B /* Supporting Files */ = {
			isa = PBXGroup;
			children = (
				D98BF182182550EC00DEE19B /* tssmineTests-Info.plist */,
				D98BF183182550EC00DEE19B /* InfoPlist.strings */,
			);
			name = "Supporting Files";
			sourceTree = "<group>";
		};
		D99E50021826AB74005F4D32 /* Model */ = {
			isa = PBXGroup;
			children = (
			);
			name = Model;
			sourceTree = "<group>";
		};
		D99E50031826AB91005F4D32 /* Controller */ = {
			isa = PBXGroup;
			children = (
				D96006B21884868D00BB1C9E /* Styling */,
				D96006B11884867A00BB1C9E /* Shop */,
				D957F9111883FB29008955CC /* Profile */,
				D9647D4F187A816300B26CE8 /* Snap */,
			);
			name = Controller;
			sourceTree = "<group>";
		};
		D99E50041826ABB0005F4D32 /* View */ = {
			isa = PBXGroup;
			children = (
				D9B6F02B187C32990069E088 /* snapFeedTableViewCell.h */,
				D9B6F02C187C32990069E088 /* snapFeedTableViewCell.m */,
			);
			name = View;
			sourceTree = "<group>";
		};
/* End PBXGroup section */

/* Begin PBXNativeTarget section */
		D98BF154182550EC00DEE19B /* tssmine */ = {
			isa = PBXNativeTarget;
			buildConfigurationList = D98BF18A182550EC00DEE19B /* Build configuration list for PBXNativeTarget "tssmine" */;
			buildPhases = (
				825C4D7487644A2180811674 /* Check Pods Manifest.lock */,
				D98BF151182550EC00DEE19B /* Sources */,
				D98BF152182550EC00DEE19B /* Frameworks */,
				D98BF153182550EC00DEE19B /* Resources */,
				417A65D053C442B69498003E /* Copy Pods Resources */,
			);
			buildRules = (
			);
			dependencies = (
			);
			name = tssmine;
			productName = tssmine;
			productReference = D98BF155182550EC00DEE19B /* tssmine.app */;
			productType = "com.apple.product-type.application";
		};
		D98BF178182550EC00DEE19B /* tssmineTests */ = {
			isa = PBXNativeTarget;
			buildConfigurationList = D98BF18D182550EC00DEE19B /* Build configuration list for PBXNativeTarget "tssmineTests" */;
			buildPhases = (
				D98BF175182550EC00DEE19B /* Sources */,
				D98BF176182550EC00DEE19B /* Frameworks */,
				D98BF177182550EC00DEE19B /* Resources */,
			);
			buildRules = (
			);
			dependencies = (
				D98BF17F182550EC00DEE19B /* PBXTargetDependency */,
			);
			name = tssmineTests;
			productName = tssmineTests;
			productReference = D98BF179182550EC00DEE19B /* tssmineTests.xctest */;
			productType = "com.apple.product-type.bundle.unit-test";
		};
/* End PBXNativeTarget section */

/* Begin PBXProject section */
		D98BF14D182550EC00DEE19B /* Project object */ = {
			isa = PBXProject;
			attributes = {
				LastUpgradeCheck = 0500;
				ORGANIZATIONNAME = "Bob Cao";
				TargetAttributes = {
					D98BF154182550EC00DEE19B = {
						DevelopmentTeam = Y793MV39VU;
						SystemCapabilities = {
							com.apple.InAppPurchase = {
								enabled = 0;
							};
						};
					};
					D98BF178182550EC00DEE19B = {
						TestTargetID = D98BF154182550EC00DEE19B;
					};
				};
			};
			buildConfigurationList = D98BF150182550EC00DEE19B /* Build configuration list for PBXProject "tssmine" */;
			compatibilityVersion = "Xcode 3.2";
			developmentRegion = English;
			hasScannedForEncodings = 0;
			knownRegions = (
				en,
				Base,
			);
			mainGroup = D98BF14C182550EC00DEE19B;
			productRefGroup = D98BF156182550EC00DEE19B /* Products */;
			projectDirPath = "";
			projectRoot = "";
			targets = (
				D98BF154182550EC00DEE19B /* tssmine */,
				D98BF178182550EC00DEE19B /* tssmineTests */,
			);
		};
/* End PBXProject section */

/* Begin PBXResourcesBuildPhase section */
		D98BF153182550EC00DEE19B /* Resources */ = {
			isa = PBXResourcesBuildPhase;
			buildActionMask = 2147483647;
			files = (
				D901607B187AB8190003985D /* Main.storyboard in Resources */,
				D98BF174182550EC00DEE19B /* Images.xcassets in Resources */,
				D98BF163182550EC00DEE19B /* InfoPlist.strings in Resources */,
			);
			runOnlyForDeploymentPostprocessing = 0;
		};
		D98BF177182550EC00DEE19B /* Resources */ = {
			isa = PBXResourcesBuildPhase;
			buildActionMask = 2147483647;
			files = (
				D98BF185182550EC00DEE19B /* InfoPlist.strings in Resources */,
			);
			runOnlyForDeploymentPostprocessing = 0;
		};
/* End PBXResourcesBuildPhase section */

/* Begin PBXShellScriptBuildPhase section */
		417A65D053C442B69498003E /* Copy Pods Resources */ = {
			isa = PBXShellScriptBuildPhase;
			buildActionMask = 2147483647;
			files = (
			);
			inputPaths = (
			);
			name = "Copy Pods Resources";
			outputPaths = (
			);
			runOnlyForDeploymentPostprocessing = 0;
			shellPath = /bin/sh;
			shellScript = "\"${SRCROOT}/Pods/Pods-resources.sh\"\n";
			showEnvVarsInLog = 0;
		};
		825C4D7487644A2180811674 /* Check Pods Manifest.lock */ = {
			isa = PBXShellScriptBuildPhase;
			buildActionMask = 2147483647;
			files = (
			);
			inputPaths = (
			);
			name = "Check Pods Manifest.lock";
			outputPaths = (
			);
			runOnlyForDeploymentPostprocessing = 0;
			shellPath = /bin/sh;
			shellScript = "diff \"${PODS_ROOT}/../Podfile.lock\" \"${PODS_ROOT}/Manifest.lock\" > /dev/null\nif [[ $? != 0 ]] ; then\n    cat << EOM\nerror: The sandbox is not in sync with the Podfile.lock. Run 'pod install' or update your CocoaPods installation.\nEOM\n    exit 1\nfi\n";
			showEnvVarsInLog = 0;
		};
/* End PBXShellScriptBuildPhase section */

/* Begin PBXSourcesBuildPhase section */
		D98BF151182550EC00DEE19B /* Sources */ = {
			isa = PBXSourcesBuildPhase;
			buildActionMask = 2147483647;
			files = (
				D97A35DC187E80B50006A90F /* TSSUtility.m in Sources */,
				D98BF169182550EC00DEE19B /* AppDelegate.m in Sources */,
				D9B6F02D187C32990069E088 /* snapFeedTableViewCell.m in Sources */,
				D98BF165182550EC00DEE19B /* main.m in Sources */,
				D9647D58187A823F00B26CE8 /* SnapTakePhotoViewController.m in Sources */,
				D9647D55187A823200B26CE8 /* SnapDetailViewController.m in Sources */,
				D9647D52187A821C00B26CE8 /* SnapTimelineViewController.m in Sources */,
				D9B6F02A187C28210069E088 /* SnapFeedsViewController.m in Sources */,
				D96006B01884852400BB1C9E /* ProfileViewController.m in Sources */,
				D98BF1951825523900DEE19B /* ShowViewController.m in Sources */,
			);
			runOnlyForDeploymentPostprocessing = 0;
		};
		D98BF175182550EC00DEE19B /* Sources */ = {
			isa = PBXSourcesBuildPhase;
			buildActionMask = 2147483647;
			files = (
				D98BF187182550EC00DEE19B /* tssmineTests.m in Sources */,
			);
			runOnlyForDeploymentPostprocessing = 0;
		};
/* End PBXSourcesBuildPhase section */

/* Begin PBXTargetDependency section */
		D98BF17F182550EC00DEE19B /* PBXTargetDependency */ = {
			isa = PBXTargetDependency;
			target = D98BF154182550EC00DEE19B /* tssmine */;
			targetProxy = D98BF17E182550EC00DEE19B /* PBXContainerItemProxy */;
		};
/* End PBXTargetDependency section */

/* Begin PBXVariantGroup section */
		D98BF161182550EC00DEE19B /* InfoPlist.strings */ = {
			isa = PBXVariantGroup;
			children = (
				D98BF162182550EC00DEE19B /* en */,
			);
			name = InfoPlist.strings;
			sourceTree = "<group>";
		};
		D98BF183182550EC00DEE19B /* InfoPlist.strings */ = {
			isa = PBXVariantGroup;
			children = (
				D98BF184182550EC00DEE19B /* en */,
			);
			name = InfoPlist.strings;
			sourceTree = "<group>";
		};
/* End PBXVariantGroup section */

/* Begin XCBuildConfiguration section */
		D98BF188182550EC00DEE19B /* Debug */ = {
			isa = XCBuildConfiguration;
			buildSettings = {
				ALWAYS_SEARCH_USER_PATHS = NO;
				ARCHS = "$(ARCHS_STANDARD_INCLUDING_64_BIT)";
				CLANG_CXX_LANGUAGE_STANDARD = "gnu++0x";
				CLANG_CXX_LIBRARY = "libc++";
				CLANG_ENABLE_MODULES = YES;
				CLANG_ENABLE_OBJC_ARC = YES;
				CLANG_WARN_BOOL_CONVERSION = YES;
				CLANG_WARN_CONSTANT_CONVERSION = YES;
				CLANG_WARN_DIRECT_OBJC_ISA_USAGE = YES_ERROR;
				CLANG_WARN_EMPTY_BODY = YES;
				CLANG_WARN_ENUM_CONVERSION = YES;
				CLANG_WARN_INT_CONVERSION = YES;
				CLANG_WARN_OBJC_ROOT_CLASS = YES_ERROR;
				CLANG_WARN__DUPLICATE_METHOD_MATCH = YES;
				"CODE_SIGN_IDENTITY[sdk=iphoneos*]" = "iPhone Developer";
				COPY_PHASE_STRIP = NO;
				GCC_C_LANGUAGE_STANDARD = gnu99;
				GCC_DYNAMIC_NO_PIC = NO;
				GCC_OPTIMIZATION_LEVEL = 0;
				GCC_PREPROCESSOR_DEFINITIONS = (
					"DEBUG=1",
					"$(inherited)",
				);
				GCC_SYMBOLS_PRIVATE_EXTERN = NO;
				GCC_WARN_64_TO_32_BIT_CONVERSION = YES;
				GCC_WARN_ABOUT_RETURN_TYPE = YES_ERROR;
				GCC_WARN_UNDECLARED_SELECTOR = YES;
				GCC_WARN_UNINITIALIZED_AUTOS = YES;
				GCC_WARN_UNUSED_FUNCTION = YES;
				GCC_WARN_UNUSED_VARIABLE = YES;
				IPHONEOS_DEPLOYMENT_TARGET = 7.0;
				ONLY_ACTIVE_ARCH = YES;
				SDKROOT = iphoneos;
			};
			name = Debug;
		};
		D98BF189182550EC00DEE19B /* Release */ = {
			isa = XCBuildConfiguration;
			buildSettings = {
				ALWAYS_SEARCH_USER_PATHS = NO;
				ARCHS = "$(ARCHS_STANDARD_INCLUDING_64_BIT)";
				CLANG_CXX_LANGUAGE_STANDARD = "gnu++0x";
				CLANG_CXX_LIBRARY = "libc++";
				CLANG_ENABLE_MODULES = YES;
				CLANG_ENABLE_OBJC_ARC = YES;
				CLANG_WARN_BOOL_CONVERSION = YES;
				CLANG_WARN_CONSTANT_CONVERSION = YES;
				CLANG_WARN_DIRECT_OBJC_ISA_USAGE = YES_ERROR;
				CLANG_WARN_EMPTY_BODY = YES;
				CLANG_WARN_ENUM_CONVERSION = YES;
				CLANG_WARN_INT_CONVERSION = YES;
				CLANG_WARN_OBJC_ROOT_CLASS = YES_ERROR;
				CLANG_WARN__DUPLICATE_METHOD_MATCH = YES;
				"CODE_SIGN_IDENTITY[sdk=iphoneos*]" = "iPhone Developer";
				COPY_PHASE_STRIP = YES;
				ENABLE_NS_ASSERTIONS = NO;
				GCC_C_LANGUAGE_STANDARD = gnu99;
				GCC_WARN_64_TO_32_BIT_CONVERSION = YES;
				GCC_WARN_ABOUT_RETURN_TYPE = YES_ERROR;
				GCC_WARN_UNDECLARED_SELECTOR = YES;
				GCC_WARN_UNINITIALIZED_AUTOS = YES;
				GCC_WARN_UNUSED_FUNCTION = YES;
				GCC_WARN_UNUSED_VARIABLE = YES;
				IPHONEOS_DEPLOYMENT_TARGET = 7.0;
				SDKROOT = iphoneos;
				VALIDATE_PRODUCT = YES;
			};
			name = Release;
		};
		D98BF18B182550EC00DEE19B /* Debug */ = {
			isa = XCBuildConfiguration;
			baseConfigurationReference = 0ABE0E866C4C473DABC4F5A4 /* Pods.xcconfig */;
			buildSettings = {
				ASSETCATALOG_COMPILER_APPICON_NAME = "AppIcon-2";
				ASSETCATALOG_COMPILER_LAUNCHIMAGE_NAME = LaunchImage;
				CODE_SIGN_IDENTITY = "FBEB7EBF-BCFB-4FF1-B4D5-1C61004B44CB";
				"CODE_SIGN_IDENTITY[sdk=iphoneos*]" = "FBEB7EBF-BCFB-4FF1-B4D5-1C61004B44CB";
				FRAMEWORK_SEARCH_PATHS = (
					"$(inherited)",
					/Users/bobcao/Desktop/tssmine,
					/Users/bobcao/Documents/FacebookSDK,
				);
				GCC_PRECOMPILE_PREFIX_HEADER = YES;
				GCC_PREFIX_HEADER = "tssmine/tssmine-Prefix.pch";
				INFOPLIST_FILE = "tssmine/tssmine-Info.plist";
				IPHONEOS_DEPLOYMENT_TARGET = 7.0;
				ONLY_ACTIVE_ARCH = NO;
				PRODUCT_NAME = "$(TARGET_NAME)";
				PROVISIONING_PROFILE = "FBEB7EBF-BCFB-4FF1-B4D5-1C61004B44CB";
				TARGETED_DEVICE_FAMILY = 1;
				WRAPPER_EXTENSION = app;
			};
			name = Debug;
		};
		D98BF18C182550EC00DEE19B /* Release */ = {
			isa = XCBuildConfiguration;
			baseConfigurationReference = 0ABE0E866C4C473DABC4F5A4 /* Pods.xcconfig */;
			buildSettings = {
				ASSETCATALOG_COMPILER_APPICON_NAME = "AppIcon-2";
				ASSETCATALOG_COMPILER_LAUNCHIMAGE_NAME = LaunchImage;
				CODE_SIGN_IDENTITY = "FBEB7EBF-BCFB-4FF1-B4D5-1C61004B44CB";
				"CODE_SIGN_IDENTITY[sdk=iphoneos*]" = "FBEB7EBF-BCFB-4FF1-B4D5-1C61004B44CB";
				FRAMEWORK_SEARCH_PATHS = (
					"$(inherited)",
					/Users/bobcao/Desktop/tssmine,
					/Users/bobcao/Documents/FacebookSDK,
				);
				GCC_PRECOMPILE_PREFIX_HEADER = YES;
				GCC_PREFIX_HEADER = "tssmine/tssmine-Prefix.pch";
				INFOPLIST_FILE = "tssmine/tssmine-Info.plist";
				IPHONEOS_DEPLOYMENT_TARGET = 7.0;
				ONLY_ACTIVE_ARCH = NO;
				PRODUCT_NAME = "$(TARGET_NAME)";
				PROVISIONING_PROFILE = "FBEB7EBF-BCFB-4FF1-B4D5-1C61004B44CB";
				TARGETED_DEVICE_FAMILY = 1;
				WRAPPER_EXTENSION = app;
			};
			name = Release;
		};
		D98BF18E182550EC00DEE19B /* Debug */ = {
			isa = XCBuildConfiguration;
			buildSettings = {
				ARCHS = "$(ARCHS_STANDARD_INCLUDING_64_BIT)";
				BUNDLE_LOADER = "$(BUILT_PRODUCTS_DIR)/tssmine.app/tssmine";
				FRAMEWORK_SEARCH_PATHS = (
					"$(SDKROOT)/Developer/Library/Frameworks",
					"$(inherited)",
					"$(DEVELOPER_FRAMEWORKS_DIR)",
				);
				GCC_PRECOMPILE_PREFIX_HEADER = YES;
				GCC_PREFIX_HEADER = "tssmine/tssmine-Prefix.pch";
				GCC_PREPROCESSOR_DEFINITIONS = (
					"DEBUG=1",
					"$(inherited)",
				);
				INFOPLIST_FILE = "tssmineTests/tssmineTests-Info.plist";
				PRODUCT_NAME = "$(TARGET_NAME)";
				TEST_HOST = "$(BUNDLE_LOADER)";
				WRAPPER_EXTENSION = xctest;
			};
			name = Debug;
		};
		D98BF18F182550EC00DEE19B /* Release */ = {
			isa = XCBuildConfiguration;
			buildSettings = {
				ARCHS = "$(ARCHS_STANDARD_INCLUDING_64_BIT)";
				BUNDLE_LOADER = "$(BUILT_PRODUCTS_DIR)/tssmine.app/tssmine";
				FRAMEWORK_SEARCH_PATHS = (
					"$(SDKROOT)/Developer/Library/Frameworks",
					"$(inherited)",
					"$(DEVELOPER_FRAMEWORKS_DIR)",
				);
				GCC_PRECOMPILE_PREFIX_HEADER = YES;
				GCC_PREFIX_HEADER = "tssmine/tssmine-Prefix.pch";
				INFOPLIST_FILE = "tssmineTests/tssmineTests-Info.plist";
				PRODUCT_NAME = "$(TARGET_NAME)";
				TEST_HOST = "$(BUNDLE_LOADER)";
				WRAPPER_EXTENSION = xctest;
			};
			name = Release;
		};
/* End XCBuildConfiguration section */

/* Begin XCConfigurationList section */
		D98BF150182550EC00DEE19B /* Build configuration list for PBXProject "tssmine" */ = {
			isa = XCConfigurationList;
			buildConfigurations = (
				D98BF188182550EC00DEE19B /* Debug */,
				D98BF189182550EC00DEE19B /* Release */,
			);
			defaultConfigurationIsVisible = 0;
			defaultConfigurationName = Release;
		};
		D98BF18A182550EC00DEE19B /* Build configuration list for PBXNativeTarget "tssmine" */ = {
			isa = XCConfigurationList;
			buildConfigurations = (
				D98BF18B182550EC00DEE19B /* Debug */,
				D98BF18C182550EC00DEE19B /* Release */,
			);
			defaultConfigurationIsVisible = 0;
			defaultConfigurationName = Release;
		};
		D98BF18D182550EC00DEE19B /* Build configuration list for PBXNativeTarget "tssmineTests" */ = {
			isa = XCConfigurationList;
			buildConfigurations = (
				D98BF18E182550EC00DEE19B /* Debug */,
				D98BF18F182550EC00DEE19B /* Release */,
			);
			defaultConfigurationIsVisible = 0;
			defaultConfigurationName = Release;
		};
/* End XCConfigurationList section */
	};
	rootObject = D98BF14D182550EC00DEE19B /* Project object */;
}
