// !$*UTF8*$!
{
	archiveVersion = 1;
	classes = {
	};
	objectVersion = 46;
	objects = {

/* Begin PBXBuildFile section */
		D98BF159182550EC00DEE19B /* Foundation.framework in Frameworks */ = {isa = PBXBuildFile; fileRef = D98BF158182550EC00DEE19B /* Foundation.framework */; };
		D98BF15B182550EC00DEE19B /* CoreGraphics.framework in Frameworks */ = {isa = PBXBuildFile; fileRef = D98BF15A182550EC00DEE19B /* CoreGraphics.framework */; };
		D98BF15D182550EC00DEE19B /* UIKit.framework in Frameworks */ = {isa = PBXBuildFile; fileRef = D98BF15C182550EC00DEE19B /* UIKit.framework */; };
		D98BF163182550EC00DEE19B /* InfoPlist.strings in Resources */ = {isa = PBXBuildFile; fileRef = D98BF161182550EC00DEE19B /* InfoPlist.strings */; };
		D98BF165182550EC00DEE19B /* main.m in Sources */ = {isa = PBXBuildFile; fileRef = D98BF164182550EC00DEE19B /* main.m */; };
		D98BF169182550EC00DEE19B /* AppDelegate.m in Sources */ = {isa = PBXBuildFile; fileRef = D98BF168182550EC00DEE19B /* AppDelegate.m */; };
		D98BF16C182550EC00DEE19B /* Main.storyboard in Resources */ = {isa = PBXBuildFile; fileRef = D98BF16A182550EC00DEE19B /* Main.storyboard */; };
		D98BF174182550EC00DEE19B /* Images.xcassets in Resources */ = {isa = PBXBuildFile; fileRef = D98BF173182550EC00DEE19B /* Images.xcassets */; };
		D98BF17B182550EC00DEE19B /* XCTest.framework in Frameworks */ = {isa = PBXBuildFile; fileRef = D98BF17A182550EC00DEE19B /* XCTest.framework */; };
		D98BF17C182550EC00DEE19B /* Foundation.framework in Frameworks */ = {isa = PBXBuildFile; fileRef = D98BF158182550EC00DEE19B /* Foundation.framework */; };
		D98BF17D182550EC00DEE19B /* UIKit.framework in Frameworks */ = {isa = PBXBuildFile; fileRef = D98BF15C182550EC00DEE19B /* UIKit.framework */; };
		D98BF185182550EC00DEE19B /* InfoPlist.strings in Resources */ = {isa = PBXBuildFile; fileRef = D98BF183182550EC00DEE19B /* InfoPlist.strings */; };
		D98BF187182550EC00DEE19B /* tssmineTests.m in Sources */ = {isa = PBXBuildFile; fileRef = D98BF186182550EC00DEE19B /* tssmineTests.m */; };
		D98BF1921825514800DEE19B /* HomeTableViewController.m in Sources */ = {isa = PBXBuildFile; fileRef = D98BF1911825514800DEE19B /* HomeTableViewController.m */; };
		D98BF1951825523900DEE19B /* ShowViewController.m in Sources */ = {isa = PBXBuildFile; fileRef = D98BF1941825523900DEE19B /* ShowViewController.m */; };
		D98BF198182552FF00DEE19B /* SnapTableViewController.m in Sources */ = {isa = PBXBuildFile; fileRef = D98BF197182552FF00DEE19B /* SnapTableViewController.m */; };
		D98BF19B1825539A00DEE19B /* DesignViewController.m in Sources */ = {isa = PBXBuildFile; fileRef = D98BF19A1825539A00DEE19B /* DesignViewController.m */; };
		D98BF19E182553AD00DEE19B /* ProfileViewController.m in Sources */ = {isa = PBXBuildFile; fileRef = D98BF19D182553AD00DEE19B /* ProfileViewController.m */; };
/* End PBXBuildFile section */

/* Begin PBXContainerItemProxy section */
		D98BF17E182550EC00DEE19B /* PBXContainerItemProxy */ = {
			isa = PBXContainerItemProxy;
			containerPortal = D98BF14D182550EC00DEE19B /* Project object */;
			proxyType = 1;
			remoteGlobalIDString = D98BF154182550EC00DEE19B;
			remoteInfo = tssmine;
		};
/* End PBXContainerItemProxy section */

/* Begin PBXFileReference section */
		D98BF155182550EC00DEE19B /* tssmine.app */ = {isa = PBXFileReference; explicitFileType = wrapper.application; includeInIndex = 0; path = tssmine.app; sourceTree = BUILT_PRODUCTS_DIR; };
		D98BF158182550EC00DEE19B /* Foundation.framework */ = {isa = PBXFileReference; lastKnownFileType = wrapper.framework; name = Foundation.framework; path = System/Library/Frameworks/Foundation.framework; sourceTree = SDKROOT; };
		D98BF15A182550EC00DEE19B /* CoreGraphics.framework */ = {isa = PBXFileReference; lastKnownFileType = wrapper.framework; name = CoreGraphics.framework; path = System/Library/Frameworks/CoreGraphics.framework; sourceTree = SDKROOT; };
		D98BF15C182550EC00DEE19B /* UIKit.framework */ = {isa = PBXFileReference; lastKnownFileType = wrapper.framework; name = UIKit.framework; path = System/Library/Frameworks/UIKit.framework; sourceTree = SDKROOT; };
		D98BF160182550EC00DEE19B /* tssmine-Info.plist */ = {isa = PBXFileReference; lastKnownFileType = text.plist.xml; path = "tssmine-Info.plist"; sourceTree = "<group>"; };
		D98BF162182550EC00DEE19B /* en */ = {isa = PBXFileReference; lastKnownFileType = text.plist.strings; name = en; path = en.lproj/InfoPlist.strings; sourceTree = "<group>"; };
		D98BF164182550EC00DEE19B /* main.m */ = {isa = PBXFileReference; lastKnownFileType = sourcecode.c.objc; path = main.m; sourceTree = "<group>"; };
		D98BF166182550EC00DEE19B /* tssmine-Prefix.pch */ = {isa = PBXFileReference; lastKnownFileType = sourcecode.c.h; path = "tssmine-Prefix.pch"; sourceTree = "<group>"; };
		D98BF167182550EC00DEE19B /* AppDelegate.h */ = {isa = PBXFileReference; lastKnownFileType = sourcecode.c.h; path = AppDelegate.h; sourceTree = "<group>"; };
		D98BF168182550EC00DEE19B /* AppDelegate.m */ = {isa = PBXFileReference; lastKnownFileType = sourcecode.c.objc; path = AppDelegate.m; sourceTree = "<group>"; };
		D98BF16B182550EC00DEE19B /* Base */ = {isa = PBXFileReference; lastKnownFileType = file.storyboard; name = Base; path = Base.lproj/Main.storyboard; sourceTree = "<group>"; };
		D98BF173182550EC00DEE19B /* Images.xcassets */ = {isa = PBXFileReference; lastKnownFileType = folder.assetcatalog; path = Images.xcassets; sourceTree = "<group>"; };
		D98BF179182550EC00DEE19B /* tssmineTests.xctest */ = {isa = PBXFileReference; explicitFileType = wrapper.cfbundle; includeInIndex = 0; path = tssmineTests.xctest; sourceTree = BUILT_PRODUCTS_DIR; };
		D98BF17A182550EC00DEE19B /* XCTest.framework */ = {isa = PBXFileReference; lastKnownFileType = wrapper.framework; name = XCTest.framework; path = Library/Frameworks/XCTest.framework; sourceTree = DEVELOPER_DIR; };
		D98BF182182550EC00DEE19B /* tssmineTests-Info.plist */ = {isa = PBXFileReference; lastKnownFileType = text.plist.xml; path = "tssmineTests-Info.plist"; sourceTree = "<group>"; };
		D98BF184182550EC00DEE19B /* en */ = {isa = PBXFileReference; lastKnownFileType = text.plist.strings; name = en; path = en.lproj/InfoPlist.strings; sourceTree = "<group>"; };
		D98BF186182550EC00DEE19B /* tssmineTests.m */ = {isa = PBXFileReference; lastKnownFileType = sourcecode.c.objc; path = tssmineTests.m; sourceTree = "<group>"; };
		D98BF1901825514800DEE19B /* HomeTableViewController.h */ = {isa = PBXFileReference; fileEncoding = 4; lastKnownFileType = sourcecode.c.h; path = HomeTableViewController.h; sourceTree = "<group>"; };
		D98BF1911825514800DEE19B /* HomeTableViewController.m */ = {isa = PBXFileReference; fileEncoding = 4; lastKnownFileType = sourcecode.c.objc; path = HomeTableViewController.m; sourceTree = "<group>"; };
		D98BF1931825523900DEE19B /* ShowViewController.h */ = {isa = PBXFileReference; fileEncoding = 4; lastKnownFileType = sourcecode.c.h; path = ShowViewController.h; sourceTree = "<group>"; };
		D98BF1941825523900DEE19B /* ShowViewController.m */ = {isa = PBXFileReference; fileEncoding = 4; lastKnownFileType = sourcecode.c.objc; path = ShowViewController.m; sourceTree = "<group>"; };
		D98BF196182552FF00DEE19B /* SnapTableViewController.h */ = {isa = PBXFileReference; fileEncoding = 4; lastKnownFileType = sourcecode.c.h; path = SnapTableViewController.h; sourceTree = "<group>"; };
		D98BF197182552FF00DEE19B /* SnapTableViewController.m */ = {isa = PBXFileReference; fileEncoding = 4; lastKnownFileType = sourcecode.c.objc; path = SnapTableViewController.m; sourceTree = "<group>"; };
		D98BF1991825539A00DEE19B /* DesignViewController.h */ = {isa = PBXFileReference; fileEncoding = 4; lastKnownFileType = sourcecode.c.h; path = DesignViewController.h; sourceTree = "<group>"; };
		D98BF19A1825539A00DEE19B /* DesignViewController.m */ = {isa = PBXFileReference; fileEncoding = 4; lastKnownFileType = sourcecode.c.objc; path = DesignViewController.m; sourceTree = "<group>"; };
		D98BF19C182553AD00DEE19B /* ProfileViewController.h */ = {isa = PBXFileReference; fileEncoding = 4; lastKnownFileType = sourcecode.c.h; path = ProfileViewController.h; sourceTree = "<group>"; };
		D98BF19D182553AD00DEE19B /* ProfileViewController.m */ = {isa = PBXFileReference; fileEncoding = 4; lastKnownFileType = sourcecode.c.objc; path = ProfileViewController.m; sourceTree = "<group>"; };
/* End PBXFileReference section */

/* Begin PBXFrameworksBuildPhase section */
		D98BF152182550EC00DEE19B /* Frameworks */ = {
			isa = PBXFrameworksBuildPhase;
			buildActionMask = 2147483647;
			files = (
				D98BF15B182550EC00DEE19B /* CoreGraphics.framework in Frameworks */,
				D98BF15D182550EC00DEE19B /* UIKit.framework in Frameworks */,
				D98BF159182550EC00DEE19B /* Foundation.framework in Frameworks */,
			);
			runOnlyForDeploymentPostprocessing = 0;
		};
		D98BF176182550EC00DEE19B /* Frameworks */ = {
			isa = PBXFrameworksBuildPhase;
			buildActionMask = 2147483647;
			files = (
				D98BF17B182550EC00DEE19B /* XCTest.framework in Frameworks */,
				D98BF17D182550EC00DEE19B /* UIKit.framework in Frameworks */,
				D98BF17C182550EC00DEE19B /* Foundation.framework in Frameworks */,
			);
			runOnlyForDeploymentPostprocessing = 0;
		};
/* End PBXFrameworksBuildPhase section */

/* Begin PBXGroup section */
		D98BF14C182550EC00DEE19B = {
			isa = PBXGroup;
			children = (
				D98BF15E182550EC00DEE19B /* tssmine */,
				D98BF180182550EC00DEE19B /* tssmineTests */,
				D98BF157182550EC00DEE19B /* Frameworks */,
				D98BF156182550EC00DEE19B /* Products */,
			);
			sourceTree = "<group>";
		};
		D98BF156182550EC00DEE19B /* Products */ = {
			isa = PBXGroup;
			children = (
				D98BF155182550EC00DEE19B /* tssmine.app */,
				D98BF179182550EC00DEE19B /* tssmineTests.xctest */,
			);
			name = Products;
			sourceTree = "<group>";
		};
		D98BF157182550EC00DEE19B /* Frameworks */ = {
			isa = PBXGroup;
			children = (
				D98BF158182550EC00DEE19B /* Foundation.framework */,
				D98BF15A182550EC00DEE19B /* CoreGraphics.framework */,
				D98BF15C182550EC00DEE19B /* UIKit.framework */,
				D98BF17A182550EC00DEE19B /* XCTest.framework */,
			);
			name = Frameworks;
			sourceTree = "<group>";
		};
		D98BF15E182550EC00DEE19B /* tssmine */ = {
			isa = PBXGroup;
			children = (
				D98BF167182550EC00DEE19B /* AppDelegate.h */,
				D98BF168182550EC00DEE19B /* AppDelegate.m */,
				D98BF16A182550EC00DEE19B /* Main.storyboard */,
				D98BF173182550EC00DEE19B /* Images.xcassets */,
				D98BF15F182550EC00DEE19B /* Supporting Files */,
				D98BF1901825514800DEE19B /* HomeTableViewController.h */,
				D98BF1911825514800DEE19B /* HomeTableViewController.m */,
				D98BF1931825523900DEE19B /* ShowViewController.h */,
				D98BF1941825523900DEE19B /* ShowViewController.m */,
				D98BF196182552FF00DEE19B /* SnapTableViewController.h */,
				D98BF197182552FF00DEE19B /* SnapTableViewController.m */,
				D98BF1991825539A00DEE19B /* DesignViewController.h */,
				D98BF19A1825539A00DEE19B /* DesignViewController.m */,
				D98BF19C182553AD00DEE19B /* ProfileViewController.h */,
				D98BF19D182553AD00DEE19B /* ProfileViewController.m */,
			);
			path = tssmine;
			sourceTree = "<group>";
		};
		D98BF15F182550EC00DEE19B /* Supporting Files */ = {
			isa = PBXGroup;
			children = (
				D98BF160182550EC00DEE19B /* tssmine-Info.plist */,
				D98BF161182550EC00DEE19B /* InfoPlist.strings */,
				D98BF164182550EC00DEE19B /* main.m */,
				D98BF166182550EC00DEE19B /* tssmine-Prefix.pch */,
			);
			name = "Supporting Files";
			sourceTree = "<group>";
		};
		D98BF180182550EC00DEE19B /* tssmineTests */ = {
			isa = PBXGroup;
			children = (
				D98BF186182550EC00DEE19B /* tssmineTests.m */,
				D98BF181182550EC00DEE19B /* Supporting Files */,
			);
			path = tssmineTests;
			sourceTree = "<group>";
		};
		D98BF181182550EC00DEE19B /* Supporting Files */ = {
			isa = PBXGroup;
			children = (
				D98BF182182550EC00DEE19B /* tssmineTests-Info.plist */,
				D98BF183182550EC00DEE19B /* InfoPlist.strings */,
			);
			name = "Supporting Files";
			sourceTree = "<group>";
		};
/* End PBXGroup section */

/* Begin PBXNativeTarget section */
		D98BF154182550EC00DEE19B /* tssmine */ = {
			isa = PBXNativeTarget;
			buildConfigurationList = D98BF18A182550EC00DEE19B /* Build configuration list for PBXNativeTarget "tssmine" */;
			buildPhases = (
				D98BF151182550EC00DEE19B /* Sources */,
				D98BF152182550EC00DEE19B /* Frameworks */,
				D98BF153182550EC00DEE19B /* Resources */,
			);
			buildRules = (
			);
			dependencies = (
			);
			name = tssmine;
			productName = tssmine;
			productReference = D98BF155182550EC00DEE19B /* tssmine.app */;
			productType = "com.apple.product-type.application";
		};
		D98BF178182550EC00DEE19B /* tssmineTests */ = {
			isa = PBXNativeTarget;
			buildConfigurationList = D98BF18D182550EC00DEE19B /* Build configuration list for PBXNativeTarget "tssmineTests" */;
			buildPhases = (
				D98BF175182550EC00DEE19B /* Sources */,
				D98BF176182550EC00DEE19B /* Frameworks */,
				D98BF177182550EC00DEE19B /* Resources */,
			);
			buildRules = (
			);
			dependencies = (
				D98BF17F182550EC00DEE19B /* PBXTargetDependency */,
			);
			name = tssmineTests;
			productName = tssmineTests;
			productReference = D98BF179182550EC00DEE19B /* tssmineTests.xctest */;
			productType = "com.apple.product-type.bundle.unit-test";
		};
/* End PBXNativeTarget section */

/* Begin PBXProject section */
		D98BF14D182550EC00DEE19B /* Project object */ = {
			isa = PBXProject;
			attributes = {
				LastUpgradeCheck = 0500;
				ORGANIZATIONNAME = "Bob Cao";
				TargetAttributes = {
					D98BF178182550EC00DEE19B = {
						TestTargetID = D98BF154182550EC00DEE19B;
					};
				};
			};
			buildConfigurationList = D98BF150182550EC00DEE19B /* Build configuration list for PBXProject "tssmine" */;
			compatibilityVersion = "Xcode 3.2";
			developmentRegion = English;
			hasScannedForEncodings = 0;
			knownRegions = (
				en,
				Base,
			);
			mainGroup = D98BF14C182550EC00DEE19B;
			productRefGroup = D98BF156182550EC00DEE19B /* Products */;
			projectDirPath = "";
			projectRoot = "";
			targets = (
				D98BF154182550EC00DEE19B /* tssmine */,
				D98BF178182550EC00DEE19B /* tssmineTests */,
			);
		};
/* End PBXProject section */

/* Begin PBXResourcesBuildPhase section */
		D98BF153182550EC00DEE19B /* Resources */ = {
			isa = PBXResourcesBuildPhase;
			buildActionMask = 2147483647;
			files = (
				D98BF174182550EC00DEE19B /* Images.xcassets in Resources */,
				D98BF163182550EC00DEE19B /* InfoPlist.strings in Resources */,
				D98BF16C182550EC00DEE19B /* Main.storyboard in Resources */,
			);
			runOnlyForDeploymentPostprocessing = 0;
		};
		D98BF177182550EC00DEE19B /* Resources */ = {
			isa = PBXResourcesBuildPhase;
			buildActionMask = 2147483647;
			files = (
				D98BF185182550EC00DEE19B /* InfoPlist.strings in Resources */,
			);
			runOnlyForDeploymentPostprocessing = 0;
		};
/* End PBXResourcesBuildPhase section */

/* Begin PBXSourcesBuildPhase section */
		D98BF151182550EC00DEE19B /* Sources */ = {
			isa = PBXSourcesBuildPhase;
			buildActionMask = 2147483647;
			files = (
				D98BF198182552FF00DEE19B /* SnapTableViewController.m in Sources */,
				D98BF169182550EC00DEE19B /* AppDelegate.m in Sources */,
				D98BF1921825514800DEE19B /* HomeTableViewController.m in Sources */,
				D98BF165182550EC00DEE19B /* main.m in Sources */,
				D98BF19E182553AD00DEE19B /* ProfileViewController.m in Sources */,
				D98BF19B1825539A00DEE19B /* DesignViewController.m in Sources */,
				D98BF1951825523900DEE19B /* ShowViewController.m in Sources */,
			);
			runOnlyForDeploymentPostprocessing = 0;
		};
		D98BF175182550EC00DEE19B /* Sources */ = {
			isa = PBXSourcesBuildPhase;
			buildActionMask = 2147483647;
			files = (
				D98BF187182550EC00DEE19B /* tssmineTests.m in Sources */,
			);
			runOnlyForDeploymentPostprocessing = 0;
		};
/* End PBXSourcesBuildPhase section */

/* Begin PBXTargetDependency section */
		D98BF17F182550EC00DEE19B /* PBXTargetDependency */ = {
			isa = PBXTargetDependency;
			target = D98BF154182550EC00DEE19B /* tssmine */;
			targetProxy = D98BF17E182550EC00DEE19B /* PBXContainerItemProxy */;
		};
/* End PBXTargetDependency section */

/* Begin PBXVariantGroup section */
		D98BF161182550EC00DEE19B /* InfoPlist.strings */ = {
			isa = PBXVariantGroup;
			children = (
				D98BF162182550EC00DEE19B /* en */,
			);
			name = InfoPlist.strings;
			sourceTree = "<group>";
		};
		D98BF16A182550EC00DEE19B /* Main.storyboard */ = {
			isa = PBXVariantGroup;
			children = (
				D98BF16B182550EC00DEE19B /* Base */,
			);
			name = Main.storyboard;
			sourceTree = "<group>";
		};
		D98BF183182550EC00DEE19B /* InfoPlist.strings */ = {
			isa = PBXVariantGroup;
			children = (
				D98BF184182550EC00DEE19B /* en */,
			);
			name = InfoPlist.strings;
			sourceTree = "<group>";
		};
/* End PBXVariantGroup section */

/* Begin XCBuildConfiguration section */
		D98BF188182550EC00DEE19B /* Debug */ = {
			isa = XCBuildConfiguration;
			buildSettings = {
				ALWAYS_SEARCH_USER_PATHS = NO;
				ARCHS = "$(ARCHS_STANDARD_INCLUDING_64_BIT)";
				CLANG_CXX_LANGUAGE_STANDARD = "gnu++0x";
				CLANG_CXX_LIBRARY = "libc++";
				CLANG_ENABLE_MODULES = YES;
				CLANG_ENABLE_OBJC_ARC = YES;
				CLANG_WARN_BOOL_CONVERSION = YES;
				CLANG_WARN_CONSTANT_CONVERSION = YES;
				CLANG_WARN_DIRECT_OBJC_ISA_USAGE = YES_ERROR;
				CLANG_WARN_EMPTY_BODY = YES;
				CLANG_WARN_ENUM_CONVERSION = YES;
				CLANG_WARN_INT_CONVERSION = YES;
				CLANG_WARN_OBJC_ROOT_CLASS = YES_ERROR;
				CLANG_WARN__DUPLICATE_METHOD_MATCH = YES;
				"CODE_SIGN_IDENTITY[sdk=iphoneos*]" = "iPhone Developer";
				COPY_PHASE_STRIP = NO;
				GCC_C_LANGUAGE_STANDARD = gnu99;
				GCC_DYNAMIC_NO_PIC = NO;
				GCC_OPTIMIZATION_LEVEL = 0;
				GCC_PREPROCESSOR_DEFINITIONS = (
					"DEBUG=1",
					"$(inherited)",
				);
				GCC_SYMBOLS_PRIVATE_EXTERN = NO;
				GCC_WARN_64_TO_32_BIT_CONVERSION = YES;
				GCC_WARN_ABOUT_RETURN_TYPE = YES_ERROR;
				GCC_WARN_UNDECLARED_SELECTOR = YES;
				GCC_WARN_UNINITIALIZED_AUTOS = YES;
				GCC_WARN_UNUSED_FUNCTION = YES;
				GCC_WARN_UNUSED_VARIABLE = YES;
				IPHONEOS_DEPLOYMENT_TARGET = 7.0;
				ONLY_ACTIVE_ARCH = YES;
				SDKROOT = iphoneos;
			};
			name = Debug;
		};
		D98BF189182550EC00DEE19B /* Release */ = {
			isa = XCBuildConfiguration;
			buildSettings = {
				ALWAYS_SEARCH_USER_PATHS = NO;
				ARCHS = "$(ARCHS_STANDARD_INCLUDING_64_BIT)";
				CLANG_CXX_LANGUAGE_STANDARD = "gnu++0x";
				CLANG_CXX_LIBRARY = "libc++";
				CLANG_ENABLE_MODULES = YES;
				CLANG_ENABLE_OBJC_ARC = YES;
				CLANG_WARN_BOOL_CONVERSION = YES;
				CLANG_WARN_CONSTANT_CONVERSION = YES;
				CLANG_WARN_DIRECT_OBJC_ISA_USAGE = YES_ERROR;
				CLANG_WARN_EMPTY_BODY = YES;
				CLANG_WARN_ENUM_CONVERSION = YES;
				CLANG_WARN_INT_CONVERSION = YES;
				CLANG_WARN_OBJC_ROOT_CLASS = YES_ERROR;
				CLANG_WARN__DUPLICATE_METHOD_MATCH = YES;
				"CODE_SIGN_IDENTITY[sdk=iphoneos*]" = "iPhone Developer";
				COPY_PHASE_STRIP = YES;
				ENABLE_NS_ASSERTIONS = NO;
				GCC_C_LANGUAGE_STANDARD = gnu99;
				GCC_WARN_64_TO_32_BIT_CONVERSION = YES;
				GCC_WARN_ABOUT_RETURN_TYPE = YES_ERROR;
				GCC_WARN_UNDECLARED_SELECTOR = YES;
				GCC_WARN_UNINITIALIZED_AUTOS = YES;
				GCC_WARN_UNUSED_FUNCTION = YES;
				GCC_WARN_UNUSED_VARIABLE = YES;
				IPHONEOS_DEPLOYMENT_TARGET = 7.0;
				SDKROOT = iphoneos;
				VALIDATE_PRODUCT = YES;
			};
			name = Release;
		};
		D98BF18B182550EC00DEE19B /* Debug */ = {
			isa = XCBuildConfiguration;
			buildSettings = {
				ASSETCATALOG_COMPILER_APPICON_NAME = AppIcon;
				ASSETCATALOG_COMPILER_LAUNCHIMAGE_NAME = LaunchImage;
				GCC_PRECOMPILE_PREFIX_HEADER = YES;
				GCC_PREFIX_HEADER = "tssmine/tssmine-Prefix.pch";
				INFOPLIST_FILE = "tssmine/tssmine-Info.plist";
				PRODUCT_NAME = "$(TARGET_NAME)";
				WRAPPER_EXTENSION = app;
			};
			name = Debug;
		};
		D98BF18C182550EC00DEE19B /* Release */ = {
			isa = XCBuildConfiguration;
			buildSettings = {
				ASSETCATALOG_COMPILER_APPICON_NAME = AppIcon;
				ASSETCATALOG_COMPILER_LAUNCHIMAGE_NAME = LaunchImage;
				GCC_PRECOMPILE_PREFIX_HEADER = YES;
				GCC_PREFIX_HEADER = "tssmine/tssmine-Prefix.pch";
				INFOPLIST_FILE = "tssmine/tssmine-Info.plist";
				PRODUCT_NAME = "$(TARGET_NAME)";
				WRAPPER_EXTENSION = app;
			};
			name = Release;
		};
		D98BF18E182550EC00DEE19B /* Debug */ = {
			isa = XCBuildConfiguration;
			buildSettings = {
				ARCHS = "$(ARCHS_STANDARD_INCLUDING_64_BIT)";
				BUNDLE_LOADER = "$(BUILT_PRODUCTS_DIR)/tssmine.app/tssmine";
				FRAMEWORK_SEARCH_PATHS = (
					"$(SDKROOT)/Developer/Library/Frameworks",
					"$(inherited)",
					"$(DEVELOPER_FRAMEWORKS_DIR)",
				);
				GCC_PRECOMPILE_PREFIX_HEADER = YES;
				GCC_PREFIX_HEADER = "tssmine/tssmine-Prefix.pch";
				GCC_PREPROCESSOR_DEFINITIONS = (
					"DEBUG=1",
					"$(inherited)",
				);
				INFOPLIST_FILE = "tssmineTests/tssmineTests-Info.plist";
				PRODUCT_NAME = "$(TARGET_NAME)";
				TEST_HOST = "$(BUNDLE_LOADER)";
				WRAPPER_EXTENSION = xctest;
			};
			name = Debug;
		};
		D98BF18F182550EC00DEE19B /* Release */ = {
			isa = XCBuildConfiguration;
			buildSettings = {
				ARCHS = "$(ARCHS_STANDARD_INCLUDING_64_BIT)";
				BUNDLE_LOADER = "$(BUILT_PRODUCTS_DIR)/tssmine.app/tssmine";
				FRAMEWORK_SEARCH_PATHS = (
					"$(SDKROOT)/Developer/Library/Frameworks",
					"$(inherited)",
					"$(DEVELOPER_FRAMEWORKS_DIR)",
				);
				GCC_PRECOMPILE_PREFIX_HEADER = YES;
				GCC_PREFIX_HEADER = "tssmine/tssmine-Prefix.pch";
				INFOPLIST_FILE = "tssmineTests/tssmineTests-Info.plist";
				PRODUCT_NAME = "$(TARGET_NAME)";
				TEST_HOST = "$(BUNDLE_LOADER)";
				WRAPPER_EXTENSION = xctest;
			};
			name = Release;
		};
/* End XCBuildConfiguration section */

/* Begin XCConfigurationList section */
		D98BF150182550EC00DEE19B /* Build configuration list for PBXProject "tssmine" */ = {
			isa = XCConfigurationList;
			buildConfigurations = (
				D98BF188182550EC00DEE19B /* Debug */,
				D98BF189182550EC00DEE19B /* Release */,
			);
			defaultConfigurationIsVisible = 0;
			defaultConfigurationName = Release;
		};
		D98BF18A182550EC00DEE19B /* Build configuration list for PBXNativeTarget "tssmine" */ = {
			isa = XCConfigurationList;
			buildConfigurations = (
				D98BF18B182550EC00DEE19B /* Debug */,
				D98BF18C182550EC00DEE19B /* Release */,
			);
			defaultConfigurationIsVisible = 0;
		};
		D98BF18D182550EC00DEE19B /* Build configuration list for PBXNativeTarget "tssmineTests" */ = {
			isa = XCConfigurationList;
			buildConfigurations = (
				D98BF18E182550EC00DEE19B /* Debug */,
				D98BF18F182550EC00DEE19B /* Release */,
			);
			defaultConfigurationIsVisible = 0;
		};
/* End XCConfigurationList section */
	};
	rootObject = D98BF14D182550EC00DEE19B /* Project object */;
}
